# @generated - this file is auto-generated by `mise lock` https://mise.en.dev/dev-tools/mise-lock.html

[[tools."aqua:jackchuka/mdschema"]]
version = "0.13.2"
backend = "aqua:jackchuka/mdschema"

[tools."aqua:jackchuka/mdschema"."platforms.linux-arm64"]
checksum = "sha256:6309de63aafdc57a611a3dd8d72e933c20e18ab02d0808f53d93ceaec3f0260a"
url = "https://github.com/jackchuka/mdschema/releases/download/v0.13.2/mdschema_0.13.2_linux_arm64.tar.gz"
url_api = "https://api.github.com/repos/jackchuka/mdschema/releases/assets/449905042"

[tools."aqua:jackchuka/mdschema"."platforms.linux-arm64-musl"]
checksum = "sha256:6309de63aafdc57a611a3dd8d72e933c20e18ab02d0808f53d93ceaec3f0260a"
url = "https://github.com/jackchuka/mdschema/releases/download/v0.13.2/mdschema_0.13.2_linux_arm64.tar.gz"
url_api = "https://api.github.com/repos/jackchuka/mdschema/releases/assets/449905042"

[tools."aqua:jackchuka/mdschema"."platforms.linux-x64"]
checksum = "sha256:42f7e02ec4538717b3993d777b2ca2dee16aacea87b1ff1ddc267853091e7a81"
url = "https://github.com/jackchuka/mdschema/releases/download/v0.13.2/mdschema_0.13.2_linux_amd64.tar.gz"
url_api = "https://api.github.com/repos/jackchuka/mdschema/releases/assets/449905043"

[tools."aqua:jackchuka/mdschema"."platforms.linux-x64-musl"]
checksum = "sha256:42f7e02ec4538717b3993d777b2ca2dee16aacea87b1ff1ddc267853091e7a81"
url = "https://github.com/jackchuka/mdschema/releases/download/v0.13.2/mdschema_0.13.2_linux_amd64.tar.gz"
url_api = "https://api.github.com/repos/jackchuka/mdschema/releases/assets/449905043"

[tools."aqua:jackchuka/mdschema"."platforms.macos-arm64"]
checksum = "sha256:6383d3d13e183b054d8771a3c3a66b856896c5482af08ea2a82d382dda1249dd"
url = "https://github.com/jackchuka/mdschema/releases/download/v0.13.2/mdschema_0.13.2_darwin_arm64.tar.gz"
url_api = "https://api.github.com/repos/jackchuka/mdschema/releases/assets/449905041"

[tools."aqua:jackchuka/mdschema"."platforms.macos-x64"]
checksum = "sha256:d2c1ed171dde257bf85b267723b6ca7bc34172c14fd6468ddc1282ce6c84a370"
url = "https://github.com/jackchuka/mdschema/releases/download/v0.13.2/mdschema_0.13.2_darwin_amd64.tar.gz"
url_api = "https://api.github.com/repos/jackchuka/mdschema/releases/assets/449905044"

[tools."aqua:jackchuka/mdschema"."platforms.windows-x64"]
checksum = "sha256:a0d4904b8edcef5656beb5b1698d758837fd13719bf6a57cbebab87588b04333"
url = "https://github.com/jackchuka/mdschema/releases/download/v0.13.2/mdschema_0.13.2_windows_amd64.zip"
url_api = "https://api.github.com/repos/jackchuka/mdschema/releases/assets/449905058"

[[tools.aws-cli]]
version = "2.35.17"
backend = "aqua:aws/aws-cli"

[tools.aws-cli."platforms.linux-arm64"]
url = "https://awscli.amazonaws.com/awscli-exe-linux-aarch64-2.35.17.zip"

[tools.aws-cli."platforms.linux-arm64-musl"]
url = "https://awscli.amazonaws.com/awscli-exe-linux-aarch64-2.35.17.zip"

[tools.aws-cli."platforms.linux-x64"]
checksum = "blake3:da78f2807abb956c7cd5b8aed293de15f59a2dfa69f036b60699bd1dab260ed8"
url = "https://awscli.amazonaws.com/awscli-exe-linux-x86_64-2.35.17.zip"

[tools.aws-cli."platforms.linux-x64-musl"]
url = "https://awscli.amazonaws.com/awscli-exe-linux-x86_64-2.35.17.zip"

[tools.aws-cli."platforms.macos-arm64"]
url = "https://awscli.amazonaws.com/AWSCLIV2-2.35.17.pkg"

[tools.aws-cli."platforms.macos-x64"]
url = "https://awscli.amazonaws.com/AWSCLIV2-2.35.17.pkg"

[[tools.azure-cli]]
version = "2.88.0"
backend = "pipx:azure-cli"

[tools.azure-cli.options]
uvx_args = "--prerelease=allow"

[[tools.biome]]
version = "2.5.2"
backend = "aqua:biomejs/biome"

[tools.biome."platforms.linux-arm64"]
checksum = "sha256:fe69df99abdc101a66597dfeb720dd40818fc58fe96d6c53b9c2e32c5065ab7a"
url = "https://github.com/biomejs/biome/releases/download/%40biomejs/biome%402.5.2/biome-linux-arm64"
url_api = "https://api.github.com/repos/biomejs/biome/releases/assets/463101263"
provenance = "github-attestations"

[tools.biome."platforms.linux-arm64-musl"]
checksum = "sha256:442b33293e55f452e74e854b50da96b5616bd655dad71bbd1674bc4c876fde13"
url = "https://github.com/biomejs/biome/releases/download/%40biomejs/biome%402.5.2/biome-linux-arm64-musl"
url_api = "https://api.github.com/repos/biomejs/biome/releases/assets/463101265"
provenance = "github-attestations"

[tools.biome."platforms.linux-x64"]
checksum = "sha256:ccd6adc50bb997bf4f5f91140255977f3a5cd12cbdde82d5406b8d7c7154a96b"
url = "https://github.com/biomejs/biome/releases/download/%40biomejs/biome%402.5.2/biome-linux-x64"
url_api = "https://api.github.com/repos/biomejs/biome/releases/assets/463101260"
provenance = "github-attestations"

[tools.biome."platforms.linux-x64-musl"]
checksum = "sha256:8d8fa918571533d5d9ceb8c6ed14c5af71fece9a2c05e7c5cb7a5e8ab654389d"
url = "https://github.com/biomejs/biome/releases/download/%40biomejs/biome%402.5.2/biome-linux-x64-musl"
url_api = "https://api.github.com/repos/biomejs/biome/releases/assets/463101259"
provenance = "github-attestations"

[tools.biome."platforms.macos-arm64"]
checksum = "sha256:6289b71d281928926a50136f555f0b36b84c1fbdd5090f86f47c98abb2e74128"
url = "https://github.com/biomejs/biome/releases/download/%40biomejs/biome%402.5.2/biome-darwin-arm64"
url_api = "https://api.github.com/repos/biomejs/biome/releases/assets/463101264"
provenance = "github-attestations"

[tools.biome."platforms.macos-x64"]
checksum = "sha256:e5a8da8fdd6dd8f47027f7a914568d0aa71728b77ed5e9bc909c00afc344f3bf"
url = "https://github.com/biomejs/biome/releases/download/%40biomejs/biome%402.5.2/biome-darwin-x64"
url_api = "https://api.github.com/repos/biomejs/biome/releases/assets/463101266"
provenance = "github-attestations"

[tools.biome."platforms.windows-x64"]
checksum = "sha256:04a054ca18527404fce4e7a7aa8b882616ecc1a4afa74cfad0cb54a4b165dfb2"
url = "https://github.com/biomejs/biome/releases/download/%40biomejs/biome%402.5.2/biome-win32-x64.exe"
url_api = "https://api.github.com/repos/biomejs/biome/releases/assets/463101262"
provenance = "github-attestations"

[[tools.colima]]
version = "0.10.3"
backend = "aqua:abiosoft/colima"

[tools.colima."platforms.linux-arm64"]
checksum = "sha256:ebb69208007484ac36b8a6ba72a797189b0daa88f8b31bc2b563e82b9c91cb70"
url = "https://github.com/abiosoft/colima/releases/download/v0.10.3/colima-Linux-aarch64"
url_api = "https://api.github.com/repos/abiosoft/colima/releases/assets/438456730"

[tools.colima."platforms.linux-arm64-musl"]
checksum = "sha256:ebb69208007484ac36b8a6ba72a797189b0daa88f8b31bc2b563e82b9c91cb70"
url = "https://github.com/abiosoft/colima/releases/download/v0.10.3/colima-Linux-aarch64"
url_api = "https://api.github.com/repos/abiosoft/colima/releases/assets/438456730"

[tools.colima."platforms.linux-x64"]
checksum = "sha256:54ea35f4847815d0a1445dbc2bc3dd6469518a38a9e960449e96b044d248d00d"
url = "https://github.com/abiosoft/colima/releases/download/v0.10.3/colima-Linux-x86_64"
url_api = "https://api.github.com/repos/abiosoft/colima/releases/assets/438456720"

[tools.colima."platforms.linux-x64-musl"]
checksum = "sha256:54ea35f4847815d0a1445dbc2bc3dd6469518a38a9e960449e96b044d248d00d"
url = "https://github.com/abiosoft/colima/releases/download/v0.10.3/colima-Linux-x86_64"
url_api = "https://api.github.com/repos/abiosoft/colima/releases/assets/438456720"

[tools.colima."platforms.macos-arm64"]
checksum = "sha256:980ad8bf61a4ca370243f4cb41401a61276dcd2c2502bee7b9b86f9250169f34"
url = "https://github.com/abiosoft/colima/releases/download/v0.10.3/colima-Darwin-arm64"
url_api = "https://api.github.com/repos/abiosoft/colima/releases/assets/438456725"

[tools.colima."platforms.macos-x64"]
checksum = "sha256:3082737fe8a98afda11cba7d9a20b6e56fe80c6153464beda04bec630758770b"
url = "https://github.com/abiosoft/colima/releases/download/v0.10.3/colima-Darwin-x86_64"
url_api = "https://api.github.com/repos/abiosoft/colima/releases/assets/438456722"

[[tools.docker-cli]]
version = "29.6.1"
backend = "aqua:docker/cli"

[tools.docker-cli."platforms.linux-arm64"]
url = "https://download.docker.com/linux/static/stable/aarch64/docker-29.6.1.tgz"

[tools.docker-cli."platforms.linux-arm64-musl"]
url = "https://download.docker.com/linux/static/stable/aarch64/docker-29.6.1.tgz"

[tools.docker-cli."platforms.linux-x64"]
checksum = "blake3:6ca3ed01c76636a0db271e1a32f12aa0534514a05baf12c387ac9a08de4edfa8"
url = "https://download.docker.com/linux/static/stable/x86_64/docker-29.6.1.tgz"

[tools.docker-cli."platforms.linux-x64-musl"]
url = "https://download.docker.com/linux/static/stable/x86_64/docker-29.6.1.tgz"

[tools.docker-cli."platforms.macos-arm64"]
url = "https://download.docker.com/mac/static/stable/aarch64/docker-29.6.1.tgz"

[tools.docker-cli."platforms.macos-x64"]
url = "https://download.docker.com/mac/static/stable/x86_64/docker-29.6.1.tgz"

[tools.docker-cli."platforms.windows-x64"]
url = "https://download.docker.com/win/static/stable/x86_64/docker-29.6.1.zip"

[[tools.editorconfig-checker]]
version = "3.8.0"
backend = "aqua:editorconfig-checker/editorconfig-checker"

[tools.editorconfig-checker."platforms.linux-arm64"]
checksum = "sha256:5676889ac4eed1036180ffbe2aeb2062d985ac50f7e6035fe61160c6b8be2c33"
url = "https://github.com/editorconfig-checker/editorconfig-checker/releases/download/v3.8.0/ec-linux-arm64.tar.gz"
url_api = "https://api.github.com/repos/editorconfig-checker/editorconfig-checker/releases/assets/460248498"

[tools.editorconfig-checker."platforms.linux-arm64-musl"]
checksum = "sha256:5676889ac4eed1036180ffbe2aeb2062d985ac50f7e6035fe61160c6b8be2c33"
url = "https://github.com/editorconfig-checker/editorconfig-checker/releases/download/v3.8.0/ec-linux-arm64.tar.gz"
url_api = "https://api.github.com/repos/editorconfig-checker/editorconfig-checker/releases/assets/460248498"

[tools.editorconfig-checker."platforms.linux-x64"]
checksum = "sha256:613bd88f34165a334adcb6b7e92a123c9de0eada65846d31af63613b779ff3be"
url = "https://github.com/editorconfig-checker/editorconfig-checker/releases/download/v3.8.0/ec-linux-amd64.tar.gz"
url_api = "https://api.github.com/repos/editorconfig-checker/editorconfig-checker/releases/assets/460248510"

[tools.editorconfig-checker."platforms.linux-x64-musl"]
checksum = "sha256:613bd88f34165a334adcb6b7e92a123c9de0eada65846d31af63613b779ff3be"
url = "https://github.com/editorconfig-checker/editorconfig-checker/releases/download/v3.8.0/ec-linux-amd64.tar.gz"
url_api = "https://api.github.com/repos/editorconfig-checker/editorconfig-checker/releases/assets/460248510"

[tools.editorconfig-checker."platforms.macos-arm64"]
checksum = "sha256:73bbb23c24b94c9e61d7ed3694cc313943c59e5e8bc5bee9f186a997a45eb046"
url = "https://github.com/editorconfig-checker/editorconfig-checker/releases/download/v3.8.0/ec-darwin-arm64.tar.gz"
url_api = "https://api.github.com/repos/editorconfig-checker/editorconfig-checker/releases/assets/460248516"

[tools.editorconfig-checker."platforms.macos-x64"]
checksum = "sha256:ee0d45c94b9808a5aa15e08f94333a81842b456f511f29f71a8fe589b82d72a1"
url = "https://github.com/editorconfig-checker/editorconfig-checker/releases/download/v3.8.0/ec-darwin-amd64.tar.gz"
url_api = "https://api.github.com/repos/editorconfig-checker/editorconfig-checker/releases/assets/460248506"

[tools.editorconfig-checker."platforms.windows-x64"]
checksum = "sha256:7ec31e1a6a9983aa2a4942cb66dfd35e8b61e76263460413988438ae1426906a"
url = "https://github.com/editorconfig-checker/editorconfig-checker/releases/download/v3.8.0/ec-windows-amd64.zip"
url_api = "https://api.github.com/repos/editorconfig-checker/editorconfig-checker/releases/assets/460248513"

[[tools."github:agent-sh/agnix"]]
version = "0.37.5"
backend = "github:agent-sh/agnix"

[tools."github:agent-sh/agnix"."platforms.linux-arm64"]
checksum = "sha256:48cfc13345bb25b75ff1a89af2ef9b6a72156b40cfd71930e9dd548d96678985"
url = "https://github.com/agent-sh/agnix/releases/download/v0.37.5/agnix-aarch64-unknown-linux-gnu.tar.gz"
url_api = "https://api.github.com/repos/agent-sh/agnix/releases/assets/466755302"
provenance = "github-attestations"

[tools."github:agent-sh/agnix"."platforms.linux-arm64-musl"]
checksum = "sha256:48cfc13345bb25b75ff1a89af2ef9b6a72156b40cfd71930e9dd548d96678985"
url = "https://github.com/agent-sh/agnix/releases/download/v0.37.5/agnix-aarch64-unknown-linux-gnu.tar.gz"
url_api = "https://api.github.com/repos/agent-sh/agnix/releases/assets/466755302"
provenance = "github-attestations"

[tools."github:agent-sh/agnix"."platforms.linux-x64"]
checksum = "sha256:312e81a2caf58ef47004f5c708a0fadf0c4758eda99814f8c37a82c925c47cf2"
url = "https://github.com/agent-sh/agnix/releases/download/v0.37.5/agnix-x86_64-unknown-linux-gnu.tar.gz"
url_api = "https://api.github.com/repos/agent-sh/agnix/releases/assets/466755293"
provenance = "github-attestations"

[tools."github:agent-sh/agnix"."platforms.linux-x64-musl"]
checksum = "sha256:f1e7047db473878dba5bc0d20425e15d012d11cdd58ddd6c06a3600c659e929d"
url = "https://github.com/agent-sh/agnix/releases/download/v0.37.5/agnix-x86_64-unknown-linux-musl.tar.gz"
url_api = "https://api.github.com/repos/agent-sh/agnix/releases/assets/466755318"
provenance = "github-attestations"

[tools."github:agent-sh/agnix"."platforms.macos-arm64"]
checksum = "sha256:310e40ba430c9082b95d2ca9eca9f6813e354c78d7b76785bf3dd073b5c8f28e"
url = "https://github.com/agent-sh/agnix/releases/download/v0.37.5/agnix-aarch64-apple-darwin.tar.gz"
url_api = "https://api.github.com/repos/agent-sh/agnix/releases/assets/466755297"
provenance = "github-attestations"

[tools."github:agent-sh/agnix"."platforms.windows-x64"]
checksum = "sha256:a570b6a9df4c5ab65cebf3c0d6596b73a27413ced7cda60a5252b636ba644969"
url = "https://github.com/agent-sh/agnix/releases/download/v0.37.5/agnix-x86_64-pc-windows-msvc.zip"
url_api = "https://api.github.com/repos/agent-sh/agnix/releases/assets/466755304"
provenance = "github-attestations"

[[tools."github:ast-grep/ast-grep"]]
version = "0.44.1"
backend = "github:ast-grep/ast-grep"

[tools."github:ast-grep/ast-grep"."platforms.linux-arm64"]
checksum = "sha256:077a4ab0c628154ef3cb79fecaf11dabca7f8a41f2c7260c022f263a52c1b021"
url = "https://github.com/ast-grep/ast-grep/releases/download/0.44.1/app-aarch64-unknown-linux-gnu.zip"
url_api = "https://api.github.com/repos/ast-grep/ast-grep/releases/assets/466368205"

[tools."github:ast-grep/ast-grep"."platforms.linux-arm64-musl"]
checksum = "sha256:077a4ab0c628154ef3cb79fecaf11dabca7f8a41f2c7260c022f263a52c1b021"
url = "https://github.com/ast-grep/ast-grep/releases/download/0.44.1/app-aarch64-unknown-linux-gnu.zip"
url_api = "https://api.github.com/repos/ast-grep/ast-grep/releases/assets/466368205"

[tools."github:ast-grep/ast-grep"."platforms.linux-x64"]
checksum = "sha256:611f9e5e76f2611ecea1a35dd3468ceedf600641a11224b80341d79c6ee7b9dd"
url = "https://github.com/ast-grep/ast-grep/releases/download/0.44.1/app-x86_64-unknown-linux-gnu.zip"
url_api = "https://api.github.com/repos/ast-grep/ast-grep/releases/assets/466366790"

[tools."github:ast-grep/ast-grep"."platforms.linux-x64-musl"]
checksum = "sha256:611f9e5e76f2611ecea1a35dd3468ceedf600641a11224b80341d79c6ee7b9dd"
url = "https://github.com/ast-grep/ast-grep/releases/download/0.44.1/app-x86_64-unknown-linux-gnu.zip"
url_api = "https://api.github.com/repos/ast-grep/ast-grep/releases/assets/466366790"

[tools."github:ast-grep/ast-grep"."platforms.macos-arm64"]
checksum = "sha256:0a2fef273b0ff1238b8307add911714f92021d25b919fa3ec9b6b2e046bb29cf"
url = "https://github.com/ast-grep/ast-grep/releases/download/0.44.1/app-aarch64-apple-darwin.zip"
url_api = "https://api.github.com/repos/ast-grep/ast-grep/releases/assets/466368358"

[tools."github:ast-grep/ast-grep"."platforms.macos-x64"]
checksum = "sha256:46584f3e4f67e9ae482de69e71e4e4aa88e68da322316fdd25ad73f2621ddbc5"
url = "https://github.com/ast-grep/ast-grep/releases/download/0.44.1/app-x86_64-apple-darwin.zip"
url_api = "https://api.github.com/repos/ast-grep/ast-grep/releases/assets/466366771"

[tools."github:ast-grep/ast-grep"."platforms.windows-x64"]
checksum = "sha256:f122d5507e5206c3a9f030fc3a0d137070eb6c4f708e1b496df56795bc9858b9"
url = "https://github.com/ast-grep/ast-grep/releases/download/0.44.1/app-x86_64-pc-windows-msvc.zip"
url_api = "https://api.github.com/repos/ast-grep/ast-grep/releases/assets/466370609"

[[tools.lefthook]]
version = "2.1.10"
backend = "aqua:evilmartians/lefthook"

[tools.lefthook."platforms.linux-arm64"]
checksum = "sha256:6380a6ad6dd484466fd69bd83f24491d6ec27dc0b84e837be025620f7c4e11e3"
url = "https://github.com/evilmartians/lefthook/releases/download/v2.1.10/lefthook_2.1.10_Linux_aarch64.gz"
url_api = "https://api.github.com/repos/evilmartians/lefthook/releases/assets/470227512"
provenance = "github-attestations"

[tools.lefthook."platforms.linux-arm64-musl"]
checksum = "sha256:6380a6ad6dd484466fd69bd83f24491d6ec27dc0b84e837be025620f7c4e11e3"
url = "https://github.com/evilmartians/lefthook/releases/download/v2.1.10/lefthook_2.1.10_Linux_aarch64.gz"
url_api = "https://api.github.com/repos/evilmartians/lefthook/releases/assets/470227512"
provenance = "github-attestations"

[tools.lefthook."platforms.linux-x64"]
checksum = "sha256:0b14162a0bb2f0c64ae0759f6102f6e19c4d00981666a8ac73d4f5a6878ada4f"
url = "https://github.com/evilmartians/lefthook/releases/download/v2.1.10/lefthook_2.1.10_Linux_x86_64.gz"
url_api = "https://api.github.com/repos/evilmartians/lefthook/releases/assets/470227493"
provenance = "github-attestations"

[tools.lefthook."platforms.linux-x64-musl"]
checksum = "sha256:0b14162a0bb2f0c64ae0759f6102f6e19c4d00981666a8ac73d4f5a6878ada4f"
url = "https://github.com/evilmartians/lefthook/releases/download/v2.1.10/lefthook_2.1.10_Linux_x86_64.gz"
url_api = "https://api.github.com/repos/evilmartians/lefthook/releases/assets/470227493"
provenance = "github-attestations"

[tools.lefthook."platforms.macos-arm64"]
checksum = "sha256:1dd4dc7b4c50efb1f9d9122cd6535c793738d6e59751c228d49f768ec9dbb604"
url = "https://github.com/evilmartians/lefthook/releases/download/v2.1.10/lefthook_2.1.10_MacOS_arm64.gz"
url_api = "https://api.github.com/repos/evilmartians/lefthook/releases/assets/470227499"
provenance = "github-attestations"

[tools.lefthook."platforms.macos-x64"]
checksum = "sha256:49d905f28ca46442cb236060058b252da650b5f7b864bd275b61aa46945e8c4a"
url = "https://github.com/evilmartians/lefthook/releases/download/v2.1.10/lefthook_2.1.10_MacOS_x86_64.gz"
url_api = "https://api.github.com/repos/evilmartians/lefthook/releases/assets/470227495"
provenance = "github-attestations"

[tools.lefthook."platforms.windows-x64"]
checksum = "sha256:beabbce824641ae71229ed11dd8634f47148921cb649d25c90441b737481494a"
url = "https://github.com/evilmartians/lefthook/releases/download/v2.1.10/lefthook_2.1.10_Windows_x86_64.gz"
url_api = "https://api.github.com/repos/evilmartians/lefthook/releases/assets/470227505"
provenance = "github-attestations"

[[tools.lima]]
version = "2.1.4"
backend = "aqua:lima-vm/lima"

[tools.lima."platforms.linux-arm64"]
checksum = "sha256:3bda2db2972e3dae25d0205fbb9b74f89b0e849f77e2de3ebcbc57e48acd681b"
url = "https://github.com/lima-vm/lima/releases/download/v2.1.4/lima-2.1.4-Linux-aarch64.tar.gz"
url_api = "https://api.github.com/repos/lima-vm/lima/releases/assets/464870645"
provenance = "github-attestations"

[tools.lima."platforms.linux-arm64-musl"]
checksum = "sha256:3bda2db2972e3dae25d0205fbb9b74f89b0e849f77e2de3ebcbc57e48acd681b"
url = "https://github.com/lima-vm/lima/releases/download/v2.1.4/lima-2.1.4-Linux-aarch64.tar.gz"
url_api = "https://api.github.com/repos/lima-vm/lima/releases/assets/464870645"
provenance = "github-attestations"

[tools.lima."platforms.linux-x64"]
checksum = "sha256:78da175634c38beab62a6618d16b9c7aeeabdbb5d99ed5c9a03bac212c786bfa"
url = "https://github.com/lima-vm/lima/releases/download/v2.1.4/lima-2.1.4-Linux-x86_64.tar.gz"
url_api = "https://api.github.com/repos/lima-vm/lima/releases/assets/464870647"
provenance = "github-attestations"

[tools.lima."platforms.linux-x64-musl"]
checksum = "sha256:78da175634c38beab62a6618d16b9c7aeeabdbb5d99ed5c9a03bac212c786bfa"
url = "https://github.com/lima-vm/lima/releases/download/v2.1.4/lima-2.1.4-Linux-x86_64.tar.gz"
url_api = "https://api.github.com/repos/lima-vm/lima/releases/assets/464870647"
provenance = "github-attestations"

[tools.lima."platforms.macos-arm64"]
checksum = "sha256:14c5b283f1c5eb4078e5a300b8d241f69197a3e41326dfc685a69c9455917acf"
url = "https://github.com/lima-vm/lima/releases/download/v2.1.4/lima-2.1.4-Darwin-arm64.tar.gz"
url_api = "https://api.github.com/repos/lima-vm/lima/releases/assets/464870649"
provenance = "github-attestations"

[tools.lima."platforms.macos-x64"]
checksum = "sha256:57f319f2d2b3e781cdceaaf58efc0cae92e31ccc774fee988df438c3a22feb45"
url = "https://github.com/lima-vm/lima/releases/download/v2.1.4/lima-2.1.4-Darwin-x86_64.tar.gz"
url_api = "https://api.github.com/repos/lima-vm/lima/releases/assets/464870648"
provenance = "github-attestations"

[[tools."npm:@claude-flow/cli"]]
version = "3.25.2"
backend = "npm:@claude-flow/cli"

[[tools."npm:@contextlint/cli"]]
version = "1.1.1"
backend = "npm:@contextlint/cli"

[[tools."npm:@devcontainers/cli"]]
version = "0.87.0"
backend = "npm:@devcontainers/cli"

[[tools."npm:@ralph-orchestrator/ralph-cli"]]
version = "2.10.1"
backend = "npm:@ralph-orchestrator/ralph-cli"

[[tools."npm:agent-browser"]]
version = "0.31.1"
backend = "npm:agent-browser"

[[tools."npm:agents-lint"]]
version = "0.5.0"
backend = "npm:agents-lint"

[[tools."npm:claude-code-lint"]]
version = "0.5.0"
backend = "npm:claude-code-lint"

[[tools."npm:ctx7"]]
version = "0.5.4"
backend = "npm:ctx7"

[[tools."npm:markdownlint-cli2"]]
version = "0.23.0"
backend = "npm:markdownlint-cli2"

[[tools."npm:oh-my-claude-sisyphus"]]
version = "4.15.2"
backend = "npm:oh-my-claude-sisyphus"

[[tools."npm:portless"]]
version = "0.15.1"
backend = "npm:portless"

[[tools."npm:renovate"]]
version = "43.255.2"
backend = "npm:renovate"

[[tools."npm:skills"]]
version = "1.5.15"
backend = "npm:skills"

[[tools.opencode]]
version = "1.17.15"
backend = "aqua:anomalyco/opencode"

[tools.opencode."platforms.linux-arm64"]
checksum = "sha256:23aad358a8489cda9e9c46cde7ce87b2fc4847203ddb4d2179be34215ad6eeae"
url = "https://github.com/anomalyco/opencode/releases/download/v1.17.15/opencode-linux-arm64.tar.gz"
url_api = "https://api.github.com/repos/anomalyco/opencode/releases/assets/469281358"

[tools.opencode."platforms.linux-arm64-musl"]
checksum = "sha256:ec753c4fcc2b5e2e6948f06c18c82c1160976a0cd85e7c6c7e911c35c82ebb5f"
url = "https://github.com/anomalyco/opencode/releases/download/v1.17.15/opencode-linux-arm64-musl.tar.gz"
url_api = "https://api.github.com/repos/anomalyco/opencode/releases/assets/469281365"

[tools.opencode."platforms.linux-x64"]
checksum = "sha256:0e1353771192c7d2dc0c610d61ff70668bb8a4420dc4d9e35cfd33d7245f3e67"
url = "https://github.com/anomalyco/opencode/releases/download/v1.17.15/opencode-linux-x64.tar.gz"
url_api = "https://api.github.com/repos/anomalyco/opencode/releases/assets/469281439"

[tools.opencode."platforms.linux-x64-musl"]
checksum = "sha256:782c5d6fc3762fbdfaebcebc7457ed797acbab199969b3b237acfac195fd09d8"
url = "https://github.com/anomalyco/opencode/releases/download/v1.17.15/opencode-linux-x64-musl.tar.gz"
url_api = "https://api.github.com/repos/anomalyco/opencode/releases/assets/469281373"

[tools.opencode."platforms.macos-arm64"]
checksum = "sha256:9667289c143d1fbdd440055af4041bb432f44b07ddf0aef048a8c7f2f7c65e2d"
url = "https://github.com/anomalyco/opencode/releases/download/v1.17.15/opencode-darwin-arm64.zip"
url_api = "https://api.github.com/repos/anomalyco/opencode/releases/assets/469281295"

[tools.opencode."platforms.macos-x64"]
checksum = "sha256:4bc40c124a1b419cfa922cadb3d68c2d67b2082276360b3ca36003aa350d9ad4"
url = "https://github.com/anomalyco/opencode/releases/download/v1.17.15/opencode-darwin-x64.zip"
url_api = "https://api.github.com/repos/anomalyco/opencode/releases/assets/469281293"

[tools.opencode."platforms.windows-x64"]
checksum = "sha256:4853d74160d639557db1ebde9d327c38fb95b1db0886afc18d9ef962459d84e2"
url = "https://github.com/anomalyco/opencode/releases/download/v1.17.15/opencode-windows-x64.zip"
url_api = "https://api.github.com/repos/anomalyco/opencode/releases/assets/469284289"

[[tools."pipx:deepagents-cli"]]
version = "0.2.2"
backend = "pipx:deepagents-cli"

[[tools."pipx:mcp2cli"]]
version = "3.3.1"
backend = "pipx:mcp2cli"

[[tools.rtk]]
version = "0.43.0"
backend = "github:rtk-ai/rtk"

[tools.rtk."platforms.linux-arm64"]
checksum = "sha256:5519f7ca12e5c143a609f0d28a0a77b97413a8dce31c2681f1a41c24519a8731"
url = "https://github.com/rtk-ai/rtk/releases/download/v0.43.0/rtk-aarch64-unknown-linux-gnu.tar.gz"
url_api = "https://api.github.com/repos/rtk-ai/rtk/releases/assets/460115891"

[tools.rtk."platforms.linux-arm64-musl"]
checksum = "sha256:5519f7ca12e5c143a609f0d28a0a77b97413a8dce31c2681f1a41c24519a8731"
url = "https://github.com/rtk-ai/rtk/releases/download/v0.43.0/rtk-aarch64-unknown-linux-gnu.tar.gz"
url_api = "https://api.github.com/repos/rtk-ai/rtk/releases/assets/460115891"

[tools.rtk."platforms.linux-x64"]
checksum = "sha256:ff8a1e7766496e175291a85aeca1dc97c9ff6df33e51e5893d1fbc78fea2a609"
url = "https://github.com/rtk-ai/rtk/releases/download/v0.43.0/rtk-x86_64-unknown-linux-musl.tar.gz"
url_api = "https://api.github.com/repos/rtk-ai/rtk/releases/assets/460115882"

[tools.rtk."platforms.linux-x64-musl"]
checksum = "sha256:ff8a1e7766496e175291a85aeca1dc97c9ff6df33e51e5893d1fbc78fea2a609"
url = "https://github.com/rtk-ai/rtk/releases/download/v0.43.0/rtk-x86_64-unknown-linux-musl.tar.gz"
url_api = "https://api.github.com/repos/rtk-ai/rtk/releases/assets/460115882"

[tools.rtk."platforms.macos-arm64"]
checksum = "sha256:8a17e49acbd378997eb21d0eb6f7f861111f35b4fc9b1c74edf4c7448e576c65"
url = "https://github.com/rtk-ai/rtk/releases/download/v0.43.0/rtk-aarch64-apple-darwin.tar.gz"
url_api = "https://api.github.com/repos/rtk-ai/rtk/releases/assets/460115888"

[tools.rtk."platforms.macos-x64"]
checksum = "sha256:a85f60e2637811be68366208b8d8b9c5ba1b748cb5df4477ab20cd73d3c5d9f8"
url = "https://github.com/rtk-ai/rtk/releases/download/v0.43.0/rtk-x86_64-apple-darwin.tar.gz"
url_api = "https://api.github.com/repos/rtk-ai/rtk/releases/assets/460115887"

[tools.rtk."platforms.windows-x64"]
checksum = "sha256:7c5e4a2ef816a4d4ed947ddd74ca3df851fc39ea87d49a3ca2bf3abc515a016b"
url = "https://github.com/rtk-ai/rtk/releases/download/v0.43.0/rtk-x86_64-pc-windows-msvc.zip"
url_api = "https://api.github.com/repos/rtk-ai/rtk/releases/assets/460115883"

[[tools.rumdl]]
version = "0.2.28"
backend = "aqua:rvben/rumdl"

[tools.rumdl."platforms.linux-arm64"]
checksum = "sha256:708870e50f9bda4497a809b18fdc3be4c3fa056c1b0a9aa2421b045f0eda1d53"
url = "https://github.com/rvben/rumdl/releases/download/v0.2.28/rumdl-v0.2.28-aarch64-unknown-linux-musl.tar.gz"
url_api = "https://api.github.com/repos/rvben/rumdl/releases/assets/465246886"
provenance = "github-attestations"

[tools.rumdl."platforms.linux-arm64-musl"]
checksum = "sha256:708870e50f9bda4497a809b18fdc3be4c3fa056c1b0a9aa2421b045f0eda1d53"
url = "https://github.com/rvben/rumdl/releases/download/v0.2.28/rumdl-v0.2.28-aarch64-unknown-linux-musl.tar.gz"
url_api = "https://api.github.com/repos/rvben/rumdl/releases/assets/465246886"
provenance = "github-attestations"

[tools.rumdl."platforms.linux-x64"]
checksum = "sha256:2ad91df620d5e6032b52674a1b754c8899f0baadfc7c1b3b00b8792adab71f9d"
url = "https://github.com/rvben/rumdl/releases/download/v0.2.28/rumdl-v0.2.28-x86_64-unknown-linux-musl.tar.gz"
url_api = "https://api.github.com/repos/rvben/rumdl/releases/assets/465246885"
provenance = "github-attestations"

[tools.rumdl."platforms.linux-x64-musl"]
checksum = "sha256:2ad91df620d5e6032b52674a1b754c8899f0baadfc7c1b3b00b8792adab71f9d"
url = "https://github.com/rvben/rumdl/releases/download/v0.2.28/rumdl-v0.2.28-x86_64-unknown-linux-musl.tar.gz"
url_api = "https://api.github.com/repos/rvben/rumdl/releases/assets/465246885"
provenance = "github-attestations"

[tools.rumdl."platforms.macos-arm64"]
checksum = "sha256:14babd3c439f55fdcbd5eea83e1f9639e99e6630562fd9a0f5015e70085f7089"
url = "https://github.com/rvben/rumdl/releases/download/v0.2.28/rumdl-v0.2.28-aarch64-apple-darwin.tar.gz"
url_api = "https://api.github.com/repos/rvben/rumdl/releases/assets/465246883"
provenance = "github-attestations"

[tools.rumdl."platforms.macos-x64"]
checksum = "sha256:7314de7c2ffac215a512abda620847a13abcc4ac7ca185e7ad9299686d7b827d"
url = "https://github.com/rvben/rumdl/releases/download/v0.2.28/rumdl-v0.2.28-x86_64-apple-darwin.tar.gz"
url_api = "https://api.github.com/repos/rvben/rumdl/releases/assets/465246882"
provenance = "github-attestations"

[tools.rumdl."platforms.windows-x64"]
checksum = "sha256:479ff8199f28cb063f15e5bc8459aa63a1b54cab2ae7d77cdeb9a65fce557247"
url = "https://github.com/rvben/rumdl/releases/download/v0.2.28/rumdl-v0.2.28-x86_64-pc-windows-msvc.zip"
url_api = "https://api.github.com/repos/rvben/rumdl/releases/assets/465246888"
provenance = "github-attestations"

[[tools.zizmor]]
version = "1.26.1"
backend = "aqua:zizmorcore/zizmor"

[tools.zizmor."platforms.linux-arm64"]
checksum = "sha256:711f5af366b299128f9a04b1470e37d990b41fbd21f14a1a4148d25004a83762"
url = "https://github.com/zizmorcore/zizmor/releases/download/v1.26.1/zizmor-aarch64-unknown-linux-gnu.tar.gz"
url_api = "https://api.github.com/repos/zizmorcore/zizmor/releases/assets/453417983"
provenance = "github-attestations"

[tools.zizmor."platforms.linux-arm64-musl"]
provenance = "github-attestations"

[tools.zizmor."platforms.linux-x64"]
checksum = "sha256:8556289a64e7aaf2400cd516f61a471aa91c5902cc56ad96a82fd12f90c2ef73"
url = "https://github.com/zizmorcore/zizmor/releases/download/v1.26.1/zizmor-x86_64-unknown-linux-gnu.tar.gz"
url_api = "https://api.github.com/repos/zizmorcore/zizmor/releases/assets/453417985"
provenance = "github-attestations"

[tools.zizmor."platforms.linux-x64-musl"]
provenance = "github-attestations"

[tools.zizmor."platforms.macos-arm64"]
checksum = "sha256:68ab2b37836bbd44f6cfffcc102b9ffffbc20c5d67d84293dafb63bd2775a1da"
url = "https://github.com/zizmorcore/zizmor/releases/download/v1.26.1/zizmor-aarch64-apple-darwin.tar.gz"
url_api = "https://api.github.com/repos/zizmorcore/zizmor/releases/assets/453417984"
provenance = "github-attestations"

[tools.zizmor."platforms.macos-x64"]
checksum = "sha256:2967414a561f8c1264121e8f723c3b5abcf3d1bf7ce5063114df99985dd75801"
url = "https://github.com/zizmorcore/zizmor/releases/download/v1.26.1/zizmor-x86_64-apple-darwin.tar.gz"
url_api = "https://api.github.com/repos/zizmorcore/zizmor/releases/assets/453417982"
provenance = "github-attestations"

[tools.zizmor."platforms.windows-x64"]
checksum = "sha256:c6cea156935e3b9d36faeca4fd8f622d23f7a7578da26adb34e6456abd9beb9a"
url = "https://github.com/zizmorcore/zizmor/releases/download/v1.26.1/zizmor-x86_64-pc-windows-msvc.zip"
url_api = "https://api.github.com/repos/zizmorcore/zizmor/releases/assets/453417981"
provenance = "github-attestations"
