# @generated - this file is auto-generated by `mise lock` https://mise.en.dev/dev-tools/mise-lock.html

[[tools."aqua:jackchuka/mdschema"]]
version = "0.13.3"
backend = "aqua:jackchuka/mdschema"

[tools."aqua:jackchuka/mdschema"."platforms.linux-arm64"]
checksum = "sha256:a1d907e356198c6efc318be68ffd64a097e9a6a9f8e037be33c175871cc12ef2"
url = "https://github.com/jackchuka/mdschema/releases/download/v0.13.3/mdschema_0.13.3_linux_arm64.tar.gz"
url_api = "https://api.github.com/repos/jackchuka/mdschema/releases/assets/478754098"

[tools."aqua:jackchuka/mdschema"."platforms.linux-arm64-musl"]
checksum = "sha256:a1d907e356198c6efc318be68ffd64a097e9a6a9f8e037be33c175871cc12ef2"
url = "https://github.com/jackchuka/mdschema/releases/download/v0.13.3/mdschema_0.13.3_linux_arm64.tar.gz"
url_api = "https://api.github.com/repos/jackchuka/mdschema/releases/assets/478754098"

[tools."aqua:jackchuka/mdschema"."platforms.linux-x64"]
checksum = "sha256:bff674601b729854f9275d419de421f4769a22b5f77d02ee7350d76c88167fe5"
url = "https://github.com/jackchuka/mdschema/releases/download/v0.13.3/mdschema_0.13.3_linux_amd64.tar.gz"
url_api = "https://api.github.com/repos/jackchuka/mdschema/releases/assets/478754096"

[tools."aqua:jackchuka/mdschema"."platforms.linux-x64-musl"]
checksum = "sha256:bff674601b729854f9275d419de421f4769a22b5f77d02ee7350d76c88167fe5"
url = "https://github.com/jackchuka/mdschema/releases/download/v0.13.3/mdschema_0.13.3_linux_amd64.tar.gz"
url_api = "https://api.github.com/repos/jackchuka/mdschema/releases/assets/478754096"

[tools."aqua:jackchuka/mdschema"."platforms.macos-arm64"]
checksum = "sha256:3d48b4be36ee456f5c7501c99758ddbf92097db398ebce6bbe73d8fdafe5a09a"
url = "https://github.com/jackchuka/mdschema/releases/download/v0.13.3/mdschema_0.13.3_darwin_arm64.tar.gz"
url_api = "https://api.github.com/repos/jackchuka/mdschema/releases/assets/478754095"

[tools."aqua:jackchuka/mdschema"."platforms.macos-x64"]
checksum = "sha256:c9cb50ddf4a13b37f162b402760ed2712117a693958e6447cf7ec5c8315c77aa"
url = "https://github.com/jackchuka/mdschema/releases/download/v0.13.3/mdschema_0.13.3_darwin_amd64.tar.gz"
url_api = "https://api.github.com/repos/jackchuka/mdschema/releases/assets/478754097"

[tools."aqua:jackchuka/mdschema"."platforms.windows-x64"]
checksum = "sha256:62ea581caf6fa663934cc467ae2e90c6d6c68879f4fe0cb3d8698bebe7cfba43"
url = "https://github.com/jackchuka/mdschema/releases/download/v0.13.3/mdschema_0.13.3_windows_amd64.zip"
url_api = "https://api.github.com/repos/jackchuka/mdschema/releases/assets/478754109"

[[tools.aws-cli]]
version = "2.36.4"
backend = "aqua:aws/aws-cli"

[tools.aws-cli."platforms.linux-arm64"]
url = "https://awscli.amazonaws.com/awscli-exe-linux-aarch64-2.36.4.zip"

[tools.aws-cli."platforms.linux-arm64-musl"]
url = "https://awscli.amazonaws.com/awscli-exe-linux-aarch64-2.36.4.zip"

[tools.aws-cli."platforms.linux-x64"]
url = "https://awscli.amazonaws.com/awscli-exe-linux-x86_64-2.36.4.zip"

[tools.aws-cli."platforms.linux-x64-musl"]
url = "https://awscli.amazonaws.com/awscli-exe-linux-x86_64-2.36.4.zip"

[tools.aws-cli."platforms.macos-arm64"]
url = "https://awscli.amazonaws.com/AWSCLIV2-2.36.4.pkg"

[tools.aws-cli."platforms.macos-x64"]
url = "https://awscli.amazonaws.com/AWSCLIV2-2.36.4.pkg"

[[tools.azure-cli]]
version = "2.88.0"
backend = "pipx:azure-cli"

[tools.azure-cli.options]
uvx_args = "--prerelease=allow"

[[tools.biome]]
version = "2.5.4"
backend = "aqua:biomejs/biome"

[tools.biome."platforms.linux-arm64"]
checksum = "sha256:698199017fc0b0c865d9a0ca2074102eb1fd0b358fd164595f3960b004fe4b90"
url = "https://github.com/biomejs/biome/releases/download/%40biomejs/biome%402.5.4/biome-linux-arm64"
url_api = "https://api.github.com/repos/biomejs/biome/releases/assets/477504641"
provenance = "github-attestations"

[tools.biome."platforms.linux-arm64-musl"]
checksum = "sha256:49c602aded99121c5c7f4ff227eca3b359d86931fbffba8c270067043a9873cf"
url = "https://github.com/biomejs/biome/releases/download/%40biomejs/biome%402.5.4/biome-linux-arm64-musl"
url_api = "https://api.github.com/repos/biomejs/biome/releases/assets/477504646"
provenance = "github-attestations"

[tools.biome."platforms.linux-x64"]
checksum = "sha256:4cd66b4a2953197e0e169f24b8a6e5f0fc42b3e852c3f58e562866244f3e11db"
url = "https://github.com/biomejs/biome/releases/download/%40biomejs/biome%402.5.4/biome-linux-x64"
url_api = "https://api.github.com/repos/biomejs/biome/releases/assets/477504643"
provenance = "github-attestations"

[tools.biome."platforms.linux-x64-musl"]
checksum = "sha256:e5601b0963d66cb24e1bcc975189ea0acd17b59815e8d48a2da88817f8b7652b"
url = "https://github.com/biomejs/biome/releases/download/%40biomejs/biome%402.5.4/biome-linux-x64-musl"
url_api = "https://api.github.com/repos/biomejs/biome/releases/assets/477504639"
provenance = "github-attestations"

[tools.biome."platforms.macos-arm64"]
checksum = "sha256:1250bb41a0409cf6c3133fc47819237eb61251624297f87158d2bed3ec123c3c"
url = "https://github.com/biomejs/biome/releases/download/%40biomejs/biome%402.5.4/biome-darwin-arm64"
url_api = "https://api.github.com/repos/biomejs/biome/releases/assets/477504647"
provenance = "github-attestations"

[tools.biome."platforms.macos-x64"]
checksum = "sha256:b3dfae5422dbd86272bb8ed40afec66670ea7754531d8fbcbae7e445e5430387"
url = "https://github.com/biomejs/biome/releases/download/%40biomejs/biome%402.5.4/biome-darwin-x64"
url_api = "https://api.github.com/repos/biomejs/biome/releases/assets/477504648"
provenance = "github-attestations"

[tools.biome."platforms.windows-x64"]
checksum = "sha256:49d1ef3925d31b2f08c00b76786621bf4603fdb4c3bfeff1aa2cd4d98de3a27c"
url = "https://github.com/biomejs/biome/releases/download/%40biomejs/biome%402.5.4/biome-win32-x64.exe"
url_api = "https://api.github.com/repos/biomejs/biome/releases/assets/477504640"
provenance = "github-attestations"

[[tools.colima]]
version = "0.10.3"
backend = "aqua:abiosoft/colima"

[tools.colima."platforms.linux-arm64"]
checksum = "sha256:ebb69208007484ac36b8a6ba72a797189b0daa88f8b31bc2b563e82b9c91cb70"
url = "https://github.com/abiosoft/colima/releases/download/v0.10.3/colima-Linux-aarch64"
url_api = "https://api.github.com/repos/abiosoft/colima/releases/assets/438456730"

[tools.colima."platforms.linux-arm64-musl"]
checksum = "sha256:ebb69208007484ac36b8a6ba72a797189b0daa88f8b31bc2b563e82b9c91cb70"
url = "https://github.com/abiosoft/colima/releases/download/v0.10.3/colima-Linux-aarch64"
url_api = "https://api.github.com/repos/abiosoft/colima/releases/assets/438456730"

[tools.colima."platforms.linux-x64"]
checksum = "sha256:54ea35f4847815d0a1445dbc2bc3dd6469518a38a9e960449e96b044d248d00d"
url = "https://github.com/abiosoft/colima/releases/download/v0.10.3/colima-Linux-x86_64"
url_api = "https://api.github.com/repos/abiosoft/colima/releases/assets/438456720"

[tools.colima."platforms.linux-x64-musl"]
checksum = "sha256:54ea35f4847815d0a1445dbc2bc3dd6469518a38a9e960449e96b044d248d00d"
url = "https://github.com/abiosoft/colima/releases/download/v0.10.3/colima-Linux-x86_64"
url_api = "https://api.github.com/repos/abiosoft/colima/releases/assets/438456720"

[tools.colima."platforms.macos-arm64"]
checksum = "sha256:980ad8bf61a4ca370243f4cb41401a61276dcd2c2502bee7b9b86f9250169f34"
url = "https://github.com/abiosoft/colima/releases/download/v0.10.3/colima-Darwin-arm64"
url_api = "https://api.github.com/repos/abiosoft/colima/releases/assets/438456725"

[tools.colima."platforms.macos-x64"]
checksum = "sha256:3082737fe8a98afda11cba7d9a20b6e56fe80c6153464beda04bec630758770b"
url = "https://github.com/abiosoft/colima/releases/download/v0.10.3/colima-Darwin-x86_64"
url_api = "https://api.github.com/repos/abiosoft/colima/releases/assets/438456722"

[[tools.docker-cli]]
version = "29.6.2"
backend = "aqua:docker/cli"

[tools.docker-cli."platforms.linux-arm64"]
url = "https://download.docker.com/linux/static/stable/aarch64/docker-29.6.2.tgz"

[tools.docker-cli."platforms.linux-arm64-musl"]
url = "https://download.docker.com/linux/static/stable/aarch64/docker-29.6.2.tgz"

[tools.docker-cli."platforms.linux-x64"]
url = "https://download.docker.com/linux/static/stable/x86_64/docker-29.6.2.tgz"

[tools.docker-cli."platforms.linux-x64-musl"]
url = "https://download.docker.com/linux/static/stable/x86_64/docker-29.6.2.tgz"

[tools.docker-cli."platforms.macos-arm64"]
url = "https://download.docker.com/mac/static/stable/aarch64/docker-29.6.2.tgz"

[tools.docker-cli."platforms.macos-x64"]
url = "https://download.docker.com/mac/static/stable/x86_64/docker-29.6.2.tgz"

[tools.docker-cli."platforms.windows-x64"]
url = "https://download.docker.com/win/static/stable/x86_64/docker-29.6.2.zip"

[[tools.editorconfig-checker]]
version = "3.8.0"
backend = "aqua:editorconfig-checker/editorconfig-checker"

[tools.editorconfig-checker."platforms.linux-arm64"]
checksum = "sha256:5676889ac4eed1036180ffbe2aeb2062d985ac50f7e6035fe61160c6b8be2c33"
url = "https://github.com/editorconfig-checker/editorconfig-checker/releases/download/v3.8.0/ec-linux-arm64.tar.gz"
url_api = "https://api.github.com/repos/editorconfig-checker/editorconfig-checker/releases/assets/460248498"

[tools.editorconfig-checker."platforms.linux-arm64-musl"]
checksum = "sha256:5676889ac4eed1036180ffbe2aeb2062d985ac50f7e6035fe61160c6b8be2c33"
url = "https://github.com/editorconfig-checker/editorconfig-checker/releases/download/v3.8.0/ec-linux-arm64.tar.gz"
url_api = "https://api.github.com/repos/editorconfig-checker/editorconfig-checker/releases/assets/460248498"

[tools.editorconfig-checker."platforms.linux-x64"]
checksum = "sha256:613bd88f34165a334adcb6b7e92a123c9de0eada65846d31af63613b779ff3be"
url = "https://github.com/editorconfig-checker/editorconfig-checker/releases/download/v3.8.0/ec-linux-amd64.tar.gz"
url_api = "https://api.github.com/repos/editorconfig-checker/editorconfig-checker/releases/assets/460248510"

[tools.editorconfig-checker."platforms.linux-x64-musl"]
checksum = "sha256:613bd88f34165a334adcb6b7e92a123c9de0eada65846d31af63613b779ff3be"
url = "https://github.com/editorconfig-checker/editorconfig-checker/releases/download/v3.8.0/ec-linux-amd64.tar.gz"
url_api = "https://api.github.com/repos/editorconfig-checker/editorconfig-checker/releases/assets/460248510"

[tools.editorconfig-checker."platforms.macos-arm64"]
checksum = "sha256:73bbb23c24b94c9e61d7ed3694cc313943c59e5e8bc5bee9f186a997a45eb046"
url = "https://github.com/editorconfig-checker/editorconfig-checker/releases/download/v3.8.0/ec-darwin-arm64.tar.gz"
url_api = "https://api.github.com/repos/editorconfig-checker/editorconfig-checker/releases/assets/460248516"

[tools.editorconfig-checker."platforms.macos-x64"]
checksum = "sha256:ee0d45c94b9808a5aa15e08f94333a81842b456f511f29f71a8fe589b82d72a1"
url = "https://github.com/editorconfig-checker/editorconfig-checker/releases/download/v3.8.0/ec-darwin-amd64.tar.gz"
url_api = "https://api.github.com/repos/editorconfig-checker/editorconfig-checker/releases/assets/460248506"

[tools.editorconfig-checker."platforms.windows-x64"]
checksum = "sha256:7ec31e1a6a9983aa2a4942cb66dfd35e8b61e76263460413988438ae1426906a"
url = "https://github.com/editorconfig-checker/editorconfig-checker/releases/download/v3.8.0/ec-windows-amd64.zip"
url_api = "https://api.github.com/repos/editorconfig-checker/editorconfig-checker/releases/assets/460248513"

[[tools."github:agent-sh/agnix"]]
version = "0.40.0"
backend = "github:agent-sh/agnix"

[tools."github:agent-sh/agnix"."platforms.linux-arm64"]
checksum = "sha256:b1809554d659d04e5f8331e23dca2e9a031724d531716300e3eb80589daa83fd"
url = "https://github.com/agent-sh/agnix/releases/download/v0.40.0/agnix-aarch64-unknown-linux-gnu.tar.gz"
url_api = "https://api.github.com/repos/agent-sh/agnix/releases/assets/479035434"
provenance = "github-attestations"

[tools."github:agent-sh/agnix"."platforms.linux-arm64-musl"]
checksum = "sha256:b1809554d659d04e5f8331e23dca2e9a031724d531716300e3eb80589daa83fd"
url = "https://github.com/agent-sh/agnix/releases/download/v0.40.0/agnix-aarch64-unknown-linux-gnu.tar.gz"
url_api = "https://api.github.com/repos/agent-sh/agnix/releases/assets/479035434"
provenance = "github-attestations"

[tools."github:agent-sh/agnix"."platforms.linux-x64"]
checksum = "sha256:9452e72f477c5f47917dd523c9510d4a013a8ee33afaa3e8d5d94fa3d1da7690"
url = "https://github.com/agent-sh/agnix/releases/download/v0.40.0/agnix-x86_64-unknown-linux-gnu.tar.gz"
url_api = "https://api.github.com/repos/agent-sh/agnix/releases/assets/479035416"
provenance = "github-attestations"

[tools."github:agent-sh/agnix"."platforms.linux-x64-musl"]
checksum = "sha256:e5a99da40d653cfb979a4d1622a96989eee8d461b7971273579834d75ad683c0"
url = "https://github.com/agent-sh/agnix/releases/download/v0.40.0/agnix-x86_64-unknown-linux-musl.tar.gz"
url_api = "https://api.github.com/repos/agent-sh/agnix/releases/assets/479035404"
provenance = "github-attestations"

[tools."github:agent-sh/agnix"."platforms.macos-arm64"]
checksum = "sha256:e013e51f30542a265d5e8a02e93f4347f42e132326327617c0cae5d62569e5b9"
url = "https://github.com/agent-sh/agnix/releases/download/v0.40.0/agnix-aarch64-apple-darwin.tar.gz"
url_api = "https://api.github.com/repos/agent-sh/agnix/releases/assets/479035432"
provenance = "github-attestations"

[tools."github:agent-sh/agnix"."platforms.windows-x64"]
checksum = "sha256:a42785e19797cb5a96b3e6f8b50fefb770167f0a215d6e3fed9418ca737508ed"
url = "https://github.com/agent-sh/agnix/releases/download/v0.40.0/agnix-x86_64-pc-windows-msvc.zip"
url_api = "https://api.github.com/repos/agent-sh/agnix/releases/assets/479035402"
provenance = "github-attestations"

[[tools."github:ast-grep/ast-grep"]]
version = "0.44.1"
backend = "github:ast-grep/ast-grep"

[tools."github:ast-grep/ast-grep"."platforms.linux-arm64"]
checksum = "sha256:077a4ab0c628154ef3cb79fecaf11dabca7f8a41f2c7260c022f263a52c1b021"
url = "https://github.com/ast-grep/ast-grep/releases/download/0.44.1/app-aarch64-unknown-linux-gnu.zip"
url_api = "https://api.github.com/repos/ast-grep/ast-grep/releases/assets/466368205"

[tools."github:ast-grep/ast-grep"."platforms.linux-arm64-musl"]
checksum = "sha256:077a4ab0c628154ef3cb79fecaf11dabca7f8a41f2c7260c022f263a52c1b021"
url = "https://github.com/ast-grep/ast-grep/releases/download/0.44.1/app-aarch64-unknown-linux-gnu.zip"
url_api = "https://api.github.com/repos/ast-grep/ast-grep/releases/assets/466368205"

[tools."github:ast-grep/ast-grep"."platforms.linux-x64"]
checksum = "sha256:611f9e5e76f2611ecea1a35dd3468ceedf600641a11224b80341d79c6ee7b9dd"
url = "https://github.com/ast-grep/ast-grep/releases/download/0.44.1/app-x86_64-unknown-linux-gnu.zip"
url_api = "https://api.github.com/repos/ast-grep/ast-grep/releases/assets/466366790"

[tools."github:ast-grep/ast-grep"."platforms.linux-x64-musl"]
checksum = "sha256:611f9e5e76f2611ecea1a35dd3468ceedf600641a11224b80341d79c6ee7b9dd"
url = "https://github.com/ast-grep/ast-grep/releases/download/0.44.1/app-x86_64-unknown-linux-gnu.zip"
url_api = "https://api.github.com/repos/ast-grep/ast-grep/releases/assets/466366790"

[tools."github:ast-grep/ast-grep"."platforms.macos-arm64"]
checksum = "sha256:0a2fef273b0ff1238b8307add911714f92021d25b919fa3ec9b6b2e046bb29cf"
url = "https://github.com/ast-grep/ast-grep/releases/download/0.44.1/app-aarch64-apple-darwin.zip"
url_api = "https://api.github.com/repos/ast-grep/ast-grep/releases/assets/466368358"

[tools."github:ast-grep/ast-grep"."platforms.macos-x64"]
checksum = "sha256:46584f3e4f67e9ae482de69e71e4e4aa88e68da322316fdd25ad73f2621ddbc5"
url = "https://github.com/ast-grep/ast-grep/releases/download/0.44.1/app-x86_64-apple-darwin.zip"
url_api = "https://api.github.com/repos/ast-grep/ast-grep/releases/assets/466366771"

[tools."github:ast-grep/ast-grep"."platforms.windows-x64"]
checksum = "sha256:f122d5507e5206c3a9f030fc3a0d137070eb6c4f708e1b496df56795bc9858b9"
url = "https://github.com/ast-grep/ast-grep/releases/download/0.44.1/app-x86_64-pc-windows-msvc.zip"
url_api = "https://api.github.com/repos/ast-grep/ast-grep/releases/assets/466370609"

[[tools.lefthook]]
version = "2.1.10"
backend = "aqua:evilmartians/lefthook"

[tools.lefthook."platforms.linux-arm64"]
checksum = "sha256:6380a6ad6dd484466fd69bd83f24491d6ec27dc0b84e837be025620f7c4e11e3"
url = "https://github.com/evilmartians/lefthook/releases/download/v2.1.10/lefthook_2.1.10_Linux_aarch64.gz"
url_api = "https://api.github.com/repos/evilmartians/lefthook/releases/assets/470227512"
provenance = "github-attestations"

[tools.lefthook."platforms.linux-arm64-musl"]
checksum = "sha256:6380a6ad6dd484466fd69bd83f24491d6ec27dc0b84e837be025620f7c4e11e3"
url = "https://github.com/evilmartians/lefthook/releases/download/v2.1.10/lefthook_2.1.10_Linux_aarch64.gz"
url_api = "https://api.github.com/repos/evilmartians/lefthook/releases/assets/470227512"
provenance = "github-attestations"

[tools.lefthook."platforms.linux-x64"]
checksum = "sha256:0b14162a0bb2f0c64ae0759f6102f6e19c4d00981666a8ac73d4f5a6878ada4f"
url = "https://github.com/evilmartians/lefthook/releases/download/v2.1.10/lefthook_2.1.10_Linux_x86_64.gz"
url_api = "https://api.github.com/repos/evilmartians/lefthook/releases/assets/470227493"
provenance = "github-attestations"

[tools.lefthook."platforms.linux-x64-musl"]
checksum = "sha256:0b14162a0bb2f0c64ae0759f6102f6e19c4d00981666a8ac73d4f5a6878ada4f"
url = "https://github.com/evilmartians/lefthook/releases/download/v2.1.10/lefthook_2.1.10_Linux_x86_64.gz"
url_api = "https://api.github.com/repos/evilmartians/lefthook/releases/assets/470227493"
provenance = "github-attestations"

[tools.lefthook."platforms.macos-arm64"]
checksum = "sha256:1dd4dc7b4c50efb1f9d9122cd6535c793738d6e59751c228d49f768ec9dbb604"
url = "https://github.com/evilmartians/lefthook/releases/download/v2.1.10/lefthook_2.1.10_MacOS_arm64.gz"
url_api = "https://api.github.com/repos/evilmartians/lefthook/releases/assets/470227499"
provenance = "github-attestations"

[tools.lefthook."platforms.macos-x64"]
checksum = "sha256:49d905f28ca46442cb236060058b252da650b5f7b864bd275b61aa46945e8c4a"
url = "https://github.com/evilmartians/lefthook/releases/download/v2.1.10/lefthook_2.1.10_MacOS_x86_64.gz"
url_api = "https://api.github.com/repos/evilmartians/lefthook/releases/assets/470227495"
provenance = "github-attestations"

[tools.lefthook."platforms.windows-x64"]
checksum = "sha256:beabbce824641ae71229ed11dd8634f47148921cb649d25c90441b737481494a"
url = "https://github.com/evilmartians/lefthook/releases/download/v2.1.10/lefthook_2.1.10_Windows_x86_64.gz"
url_api = "https://api.github.com/repos/evilmartians/lefthook/releases/assets/470227505"
provenance = "github-attestations"

[[tools.lima]]
version = "2.1.4"
backend = "aqua:lima-vm/lima"

[tools.lima."platforms.linux-arm64"]
checksum = "sha256:3bda2db2972e3dae25d0205fbb9b74f89b0e849f77e2de3ebcbc57e48acd681b"
url = "https://github.com/lima-vm/lima/releases/download/v2.1.4/lima-2.1.4-Linux-aarch64.tar.gz"
url_api = "https://api.github.com/repos/lima-vm/lima/releases/assets/464870645"
provenance = "github-attestations"

[tools.lima."platforms.linux-arm64-musl"]
checksum = "sha256:3bda2db2972e3dae25d0205fbb9b74f89b0e849f77e2de3ebcbc57e48acd681b"
url = "https://github.com/lima-vm/lima/releases/download/v2.1.4/lima-2.1.4-Linux-aarch64.tar.gz"
url_api = "https://api.github.com/repos/lima-vm/lima/releases/assets/464870645"
provenance = "github-attestations"

[tools.lima."platforms.linux-x64"]
checksum = "sha256:78da175634c38beab62a6618d16b9c7aeeabdbb5d99ed5c9a03bac212c786bfa"
url = "https://github.com/lima-vm/lima/releases/download/v2.1.4/lima-2.1.4-Linux-x86_64.tar.gz"
url_api = "https://api.github.com/repos/lima-vm/lima/releases/assets/464870647"
provenance = "github-attestations"

[tools.lima."platforms.linux-x64-musl"]
checksum = "sha256:78da175634c38beab62a6618d16b9c7aeeabdbb5d99ed5c9a03bac212c786bfa"
url = "https://github.com/lima-vm/lima/releases/download/v2.1.4/lima-2.1.4-Linux-x86_64.tar.gz"
url_api = "https://api.github.com/repos/lima-vm/lima/releases/assets/464870647"
provenance = "github-attestations"

[tools.lima."platforms.macos-arm64"]
checksum = "sha256:14c5b283f1c5eb4078e5a300b8d241f69197a3e41326dfc685a69c9455917acf"
url = "https://github.com/lima-vm/lima/releases/download/v2.1.4/lima-2.1.4-Darwin-arm64.tar.gz"
url_api = "https://api.github.com/repos/lima-vm/lima/releases/assets/464870649"
provenance = "github-attestations"

[tools.lima."platforms.macos-x64"]
checksum = "sha256:57f319f2d2b3e781cdceaaf58efc0cae92e31ccc774fee988df438c3a22feb45"
url = "https://github.com/lima-vm/lima/releases/download/v2.1.4/lima-2.1.4-Darwin-x86_64.tar.gz"
url_api = "https://api.github.com/repos/lima-vm/lima/releases/assets/464870648"
provenance = "github-attestations"

[[tools."npm:@claude-flow/cli"]]
version = "3.32.8"
backend = "npm:@claude-flow/cli"

[[tools."npm:@contextlint/cli"]]
version = "1.1.1"
backend = "npm:@contextlint/cli"

[[tools."npm:@devcontainers/cli"]]
version = "0.87.0"
backend = "npm:@devcontainers/cli"

[[tools."npm:@ralph-orchestrator/ralph-cli"]]
version = "2.10.1"
backend = "npm:@ralph-orchestrator/ralph-cli"

[[tools."npm:agent-browser"]]
version = "0.32.3"
backend = "npm:agent-browser"

[[tools."npm:agents-lint"]]
version = "0.5.0"
backend = "npm:agents-lint"

[[tools."npm:claude-code-lint"]]
version = "0.7.0"
backend = "npm:claude-code-lint"

[[tools."npm:ctx7"]]
version = "0.5.5"
backend = "npm:ctx7"

[[tools."npm:markdownlint-cli2"]]
version = "0.23.1"
backend = "npm:markdownlint-cli2"

[[tools."npm:oh-my-claude-sisyphus"]]
version = "4.15.6"
backend = "npm:oh-my-claude-sisyphus"

[[tools."npm:portless"]]
version = "0.15.4"
backend = "npm:portless"

[[tools."npm:renovate"]]
version = "43.272.5"
backend = "npm:renovate"

[[tools."npm:skills"]]
version = "1.5.19"
backend = "npm:skills"

[[tools.opencode]]
version = "1.18.4"
backend = "aqua:anomalyco/opencode"

[tools.opencode."platforms.linux-arm64"]
checksum = "sha256:eba87efba3976d533a24cca0316f8ef375b5f8e797c0a95c25ee919700b7ba35"
url = "https://github.com/anomalyco/opencode/releases/download/v1.18.4/opencode-linux-arm64.tar.gz"
url_api = "https://api.github.com/repos/anomalyco/opencode/releases/assets/483582199"

[tools.opencode."platforms.linux-arm64-musl"]
checksum = "sha256:fea148fcd748d5b137a5c09ce03e03c17310f72797a8e4170debc33ae535c0dd"
url = "https://github.com/anomalyco/opencode/releases/download/v1.18.4/opencode-linux-arm64-musl.tar.gz"
url_api = "https://api.github.com/repos/anomalyco/opencode/releases/assets/483582200"

[tools.opencode."platforms.linux-x64"]
checksum = "sha256:bab463c3fb3224d388bb7cfad63f38703df9cf0be2cfd2ce8cb49d886b53a174"
url = "https://github.com/anomalyco/opencode/releases/download/v1.18.4/opencode-linux-x64.tar.gz"
url_api = "https://api.github.com/repos/anomalyco/opencode/releases/assets/483582201"

[tools.opencode."platforms.linux-x64-musl"]
checksum = "sha256:b6cb242a989387cd79d5f9b742f24dccda2537e4938d413cbea5b3c88ac6085a"
url = "https://github.com/anomalyco/opencode/releases/download/v1.18.4/opencode-linux-x64-musl.tar.gz"
url_api = "https://api.github.com/repos/anomalyco/opencode/releases/assets/483582194"

[tools.opencode."platforms.macos-arm64"]
checksum = "sha256:04fb881b632b323c712dfda6dcbbc6fce736394f07ba76176e52d6665925d4e6"
url = "https://github.com/anomalyco/opencode/releases/download/v1.18.4/opencode-darwin-arm64.zip"
url_api = "https://api.github.com/repos/anomalyco/opencode/releases/assets/483582182"

[tools.opencode."platforms.macos-x64"]
checksum = "sha256:e177c532654572079981db1dce464a78adbaed9654a142848b2e81beb8c9f5c6"
url = "https://github.com/anomalyco/opencode/releases/download/v1.18.4/opencode-darwin-x64.zip"
url_api = "https://api.github.com/repos/anomalyco/opencode/releases/assets/483582097"

[tools.opencode."platforms.windows-x64"]
checksum = "sha256:814dae5724dfa396a43b6408703d0929625483e2fac135623f10f0fa8db04a96"
url = "https://github.com/anomalyco/opencode/releases/download/v1.18.4/opencode-windows-x64.zip"
url_api = "https://api.github.com/repos/anomalyco/opencode/releases/assets/483585385"

[[tools."pipx:deepagents-cli"]]
version = "0.2.2"
backend = "pipx:deepagents-cli"

[[tools."pipx:graphifyy"]]
version = "0.9.22"
backend = "pipx:graphifyy"

[tools."pipx:graphifyy".options]
extras = "all"

[[tools."pipx:mcp2cli"]]
version = "3.3.1"
backend = "pipx:mcp2cli"

[[tools.rtk]]
version = "0.43.0"
backend = "github:rtk-ai/rtk"

[tools.rtk."platforms.linux-arm64"]
checksum = "sha256:5519f7ca12e5c143a609f0d28a0a77b97413a8dce31c2681f1a41c24519a8731"
url = "https://github.com/rtk-ai/rtk/releases/download/v0.43.0/rtk-aarch64-unknown-linux-gnu.tar.gz"
url_api = "https://api.github.com/repos/rtk-ai/rtk/releases/assets/460115891"

[tools.rtk."platforms.linux-arm64-musl"]
checksum = "sha256:5519f7ca12e5c143a609f0d28a0a77b97413a8dce31c2681f1a41c24519a8731"
url = "https://github.com/rtk-ai/rtk/releases/download/v0.43.0/rtk-aarch64-unknown-linux-gnu.tar.gz"
url_api = "https://api.github.com/repos/rtk-ai/rtk/releases/assets/460115891"

[tools.rtk."platforms.linux-x64"]
checksum = "sha256:ff8a1e7766496e175291a85aeca1dc97c9ff6df33e51e5893d1fbc78fea2a609"
url = "https://github.com/rtk-ai/rtk/releases/download/v0.43.0/rtk-x86_64-unknown-linux-musl.tar.gz"
url_api = "https://api.github.com/repos/rtk-ai/rtk/releases/assets/460115882"

[tools.rtk."platforms.linux-x64-musl"]
checksum = "sha256:ff8a1e7766496e175291a85aeca1dc97c9ff6df33e51e5893d1fbc78fea2a609"
url = "https://github.com/rtk-ai/rtk/releases/download/v0.43.0/rtk-x86_64-unknown-linux-musl.tar.gz"
url_api = "https://api.github.com/repos/rtk-ai/rtk/releases/assets/460115882"

[tools.rtk."platforms.macos-arm64"]
checksum = "sha256:8a17e49acbd378997eb21d0eb6f7f861111f35b4fc9b1c74edf4c7448e576c65"
url = "https://github.com/rtk-ai/rtk/releases/download/v0.43.0/rtk-aarch64-apple-darwin.tar.gz"
url_api = "https://api.github.com/repos/rtk-ai/rtk/releases/assets/460115888"

[tools.rtk."platforms.macos-x64"]
checksum = "sha256:a85f60e2637811be68366208b8d8b9c5ba1b748cb5df4477ab20cd73d3c5d9f8"
url = "https://github.com/rtk-ai/rtk/releases/download/v0.43.0/rtk-x86_64-apple-darwin.tar.gz"
url_api = "https://api.github.com/repos/rtk-ai/rtk/releases/assets/460115887"

[tools.rtk."platforms.windows-x64"]
checksum = "sha256:7c5e4a2ef816a4d4ed947ddd74ca3df851fc39ea87d49a3ca2bf3abc515a016b"
url = "https://github.com/rtk-ai/rtk/releases/download/v0.43.0/rtk-x86_64-pc-windows-msvc.zip"
url_api = "https://api.github.com/repos/rtk-ai/rtk/releases/assets/460115883"

[[tools.rumdl]]
version = "v0.2.37"
backend = "aqua:rvben/rumdl"

[tools.rumdl."platforms.linux-arm64"]
checksum = "sha256:2cee94dbc4e577c54869723245be548589e80a5e5a93fe25a3cc535d51e1ac6d"
url = "https://github.com/rvben/rumdl/releases/download/v0.2.37/rumdl-v0.2.37-aarch64-unknown-linux-musl.tar.gz"
url_api = "https://api.github.com/repos/rvben/rumdl/releases/assets/482465207"
provenance = "github-attestations"

[tools.rumdl."platforms.linux-arm64-musl"]
checksum = "sha256:2cee94dbc4e577c54869723245be548589e80a5e5a93fe25a3cc535d51e1ac6d"
url = "https://github.com/rvben/rumdl/releases/download/v0.2.37/rumdl-v0.2.37-aarch64-unknown-linux-musl.tar.gz"
url_api = "https://api.github.com/repos/rvben/rumdl/releases/assets/482465207"
provenance = "github-attestations"

[tools.rumdl."platforms.linux-x64"]
checksum = "sha256:0999d31c6f1429f0b3b5ed86d3ebb2768e5b4a16b373a51a41a7af2d7eb43b7c"
url = "https://github.com/rvben/rumdl/releases/download/v0.2.37/rumdl-v0.2.37-x86_64-unknown-linux-musl.tar.gz"
url_api = "https://api.github.com/repos/rvben/rumdl/releases/assets/482465203"
provenance = "github-attestations"

[tools.rumdl."platforms.linux-x64-musl"]
checksum = "sha256:0999d31c6f1429f0b3b5ed86d3ebb2768e5b4a16b373a51a41a7af2d7eb43b7c"
url = "https://github.com/rvben/rumdl/releases/download/v0.2.37/rumdl-v0.2.37-x86_64-unknown-linux-musl.tar.gz"
url_api = "https://api.github.com/repos/rvben/rumdl/releases/assets/482465203"
provenance = "github-attestations"

[tools.rumdl."platforms.macos-arm64"]
checksum = "sha256:ac5f31077c492c3303d27264d8d8840b1279cb5a8cd62f863a2045e1427a6c79"
url = "https://github.com/rvben/rumdl/releases/download/v0.2.37/rumdl-v0.2.37-aarch64-apple-darwin.tar.gz"
url_api = "https://api.github.com/repos/rvben/rumdl/releases/assets/482465206"
provenance = "github-attestations"

[tools.rumdl."platforms.macos-x64"]
checksum = "sha256:7cdfbc6ac896bfe433938a050e0f7b4dfc9ebc78d17ec8f4f872580b1fe06eba"
url = "https://github.com/rvben/rumdl/releases/download/v0.2.37/rumdl-v0.2.37-x86_64-apple-darwin.tar.gz"
url_api = "https://api.github.com/repos/rvben/rumdl/releases/assets/482465213"
provenance = "github-attestations"

[tools.rumdl."platforms.windows-x64"]
checksum = "sha256:e8db622a0aff15f9abcea4ecdb4d87a636d4211f4cb01e45dc19957713436da1"
url = "https://github.com/rvben/rumdl/releases/download/v0.2.37/rumdl-v0.2.37-x86_64-pc-windows-msvc.zip"
url_api = "https://api.github.com/repos/rvben/rumdl/releases/assets/482465212"
provenance = "github-attestations"

[[tools.zizmor]]
version = "1.27.0"
backend = "aqua:zizmorcore/zizmor"

[tools.zizmor."platforms.linux-arm64"]
checksum = "sha256:46fceee9a8262dca0e61f8463204e1f0f3a63bf6c20fa3ef9a5c1b3cff7b17b0"
url = "https://github.com/zizmorcore/zizmor/releases/download/v1.27.0/zizmor-aarch64-unknown-linux-gnu.tar.gz"
url_api = "https://api.github.com/repos/zizmorcore/zizmor/releases/assets/476453094"
provenance = "github-attestations"

[tools.zizmor."platforms.linux-arm64-musl"]
provenance = "github-attestations"

[tools.zizmor."platforms.linux-x64"]
checksum = "sha256:277f2bd8fd37cf60c42ab7afca6faa884e65440fa31e02b44bdaae60f62a358f"
url = "https://github.com/zizmorcore/zizmor/releases/download/v1.27.0/zizmor-x86_64-unknown-linux-gnu.tar.gz"
url_api = "https://api.github.com/repos/zizmorcore/zizmor/releases/assets/476453097"
provenance = "github-attestations"

[tools.zizmor."platforms.linux-x64-musl"]
provenance = "github-attestations"

[tools.zizmor."platforms.macos-arm64"]
checksum = "sha256:81336423d1b280c5dd0cdd8644a1e5f3238ab3ceb8d6e4334dfd05dab95a8a86"
url = "https://github.com/zizmorcore/zizmor/releases/download/v1.27.0/zizmor-aarch64-apple-darwin.tar.gz"
url_api = "https://api.github.com/repos/zizmorcore/zizmor/releases/assets/476453095"
provenance = "github-attestations"

[tools.zizmor."platforms.macos-x64"]
checksum = "sha256:51cd82d1f6914cbb7f4402dbdc19bd989a7599078e5ddeaf837d1ab901c97328"
url = "https://github.com/zizmorcore/zizmor/releases/download/v1.27.0/zizmor-x86_64-apple-darwin.tar.gz"
url_api = "https://api.github.com/repos/zizmorcore/zizmor/releases/assets/476453098"
provenance = "github-attestations"

[tools.zizmor."platforms.windows-x64"]
checksum = "sha256:a8c5d02d638bacf9ae5779b08b0291455c67e7e835be56995f35483518dcd70a"
url = "https://github.com/zizmorcore/zizmor/releases/download/v1.27.0/zizmor-x86_64-pc-windows-msvc.zip"
url_api = "https://api.github.com/repos/zizmorcore/zizmor/releases/assets/476453096"
provenance = "github-attestations"
