# @generated - this file is auto-generated by `mise lock` https://mise.en.dev/dev-tools/mise-lock.html

[[tools."aqua:jackchuka/mdschema"]]
version = "0.13.1"
backend = "aqua:jackchuka/mdschema"

[tools."aqua:jackchuka/mdschema"."platforms.linux-arm64"]
checksum = "sha256:f05d59619c880a96a98f2f214a641c68ed95aef03392fe4562145552cc190c6e"
url = "https://github.com/jackchuka/mdschema/releases/download/v0.13.1/mdschema_0.13.1_linux_arm64.tar.gz"
url_api = "https://api.github.com/repos/jackchuka/mdschema/releases/assets/429948026"

[tools."aqua:jackchuka/mdschema"."platforms.linux-arm64-musl"]
checksum = "sha256:f05d59619c880a96a98f2f214a641c68ed95aef03392fe4562145552cc190c6e"
url = "https://github.com/jackchuka/mdschema/releases/download/v0.13.1/mdschema_0.13.1_linux_arm64.tar.gz"
url_api = "https://api.github.com/repos/jackchuka/mdschema/releases/assets/429948026"

[tools."aqua:jackchuka/mdschema"."platforms.linux-x64"]
checksum = "sha256:9389f2d627050a2f550cda788b8f67e5737d17eab990ef64285a7a64edce8806"
url = "https://github.com/jackchuka/mdschema/releases/download/v0.13.1/mdschema_0.13.1_linux_amd64.tar.gz"
url_api = "https://api.github.com/repos/jackchuka/mdschema/releases/assets/429948024"

[tools."aqua:jackchuka/mdschema"."platforms.linux-x64-musl"]
checksum = "sha256:9389f2d627050a2f550cda788b8f67e5737d17eab990ef64285a7a64edce8806"
url = "https://github.com/jackchuka/mdschema/releases/download/v0.13.1/mdschema_0.13.1_linux_amd64.tar.gz"
url_api = "https://api.github.com/repos/jackchuka/mdschema/releases/assets/429948024"

[tools."aqua:jackchuka/mdschema"."platforms.macos-arm64"]
checksum = "sha256:31c18f53f8016bce0e39b2186dba46ee6a33ec7c856e52bd267375d3bb11c74c"
url = "https://github.com/jackchuka/mdschema/releases/download/v0.13.1/mdschema_0.13.1_darwin_arm64.tar.gz"
url_api = "https://api.github.com/repos/jackchuka/mdschema/releases/assets/429948023"

[tools."aqua:jackchuka/mdschema"."platforms.macos-x64"]
checksum = "sha256:5e3dd536fe91555987795e45de7c7ff85a6743664b3ad25658a6266194d76bbe"
url = "https://github.com/jackchuka/mdschema/releases/download/v0.13.1/mdschema_0.13.1_darwin_amd64.tar.gz"
url_api = "https://api.github.com/repos/jackchuka/mdschema/releases/assets/429948025"

[tools."aqua:jackchuka/mdschema"."platforms.windows-x64"]
checksum = "sha256:2bc5da014297042fd7c50699c920de17f7559061764418ac30a15da2ea5be65b"
url = "https://github.com/jackchuka/mdschema/releases/download/v0.13.1/mdschema_0.13.1_windows_amd64.zip"
url_api = "https://api.github.com/repos/jackchuka/mdschema/releases/assets/429948033"

[[tools.aws-cli]]
version = "2.34.58"
backend = "aqua:aws/aws-cli"

[tools.aws-cli."platforms.linux-arm64"]
url = "https://awscli.amazonaws.com/awscli-exe-linux-aarch64-2.34.58.zip"

[tools.aws-cli."platforms.linux-arm64-musl"]
url = "https://awscli.amazonaws.com/awscli-exe-linux-aarch64-2.34.58.zip"

[tools.aws-cli."platforms.linux-x64"]
checksum = "blake3:2cce2eb28599783e52918c81f956b28b0b4dbd4e4c6f2dbaae81378a5c2cde1a"
url = "https://awscli.amazonaws.com/awscli-exe-linux-x86_64-2.34.58.zip"

[tools.aws-cli."platforms.linux-x64-musl"]
url = "https://awscli.amazonaws.com/awscli-exe-linux-x86_64-2.34.58.zip"

[tools.aws-cli."platforms.macos-arm64"]
checksum = "blake3:f68ee8a82845799f4ba6f5146631e58750b012c8928ceac67b57d71cb36ecf57"
url = "https://awscli.amazonaws.com/AWSCLIV2-2.34.58.pkg"

[tools.aws-cli."platforms.macos-x64"]
url = "https://awscli.amazonaws.com/AWSCLIV2-2.34.58.pkg"

[[tools.azure-cli]]
version = "2.86.0"
backend = "pipx:azure-cli"

[tools.azure-cli.options]
uvx_args = "--prerelease=allow"

[[tools.biome]]
version = "2.4.16"
backend = "aqua:biomejs/biome"

[tools.biome."platforms.linux-arm64"]
checksum = "sha256:e81067782ddd9a9d45e13b8fe18bbef54c490cf26126f05d67bb370caf47502a"
url = "https://github.com/biomejs/biome/releases/download/%40biomejs/biome%402.4.16/biome-linux-arm64"
url_api = "https://api.github.com/repos/biomejs/biome/releases/assets/431129587"
provenance = "github-attestations"

[tools.biome."platforms.linux-arm64-musl"]
checksum = "sha256:f288ac4e33d35ef08ee333419525df8cf9e74a617447d651a3fad052a9612731"
url = "https://github.com/biomejs/biome/releases/download/%40biomejs/biome%402.4.16/biome-linux-arm64-musl"
url_api = "https://api.github.com/repos/biomejs/biome/releases/assets/431129592"
provenance = "github-attestations"

[tools.biome."platforms.linux-x64"]
checksum = "sha256:f6904c208ce8884cf859460178f32f885250b375da1810c551912a029f4abf79"
url = "https://github.com/biomejs/biome/releases/download/%40biomejs/biome%402.4.16/biome-linux-x64"
url_api = "https://api.github.com/repos/biomejs/biome/releases/assets/431129589"
provenance = "github-attestations"

[tools.biome."platforms.linux-x64-musl"]
checksum = "sha256:e7102113e10c57772ce969ce088f54ec2cc37331bb4601e5f5369fd94a6fe1d9"
url = "https://github.com/biomejs/biome/releases/download/%40biomejs/biome%402.4.16/biome-linux-x64-musl"
url_api = "https://api.github.com/repos/biomejs/biome/releases/assets/431129588"
provenance = "github-attestations"

[tools.biome."platforms.macos-arm64"]
checksum = "sha256:8cf9e92a161e26bdbfc0896c208864e1de8b160dfb90f61040609c2743cf433b"
url = "https://github.com/biomejs/biome/releases/download/%40biomejs/biome%402.4.16/biome-darwin-arm64"
url_api = "https://api.github.com/repos/biomejs/biome/releases/assets/431129594"
provenance = "github-attestations"

[tools.biome."platforms.macos-x64"]
checksum = "sha256:42329e159a2f35b3776a01e7a16a53582d53e126fbc55bfdd5825e873a87b338"
url = "https://github.com/biomejs/biome/releases/download/%40biomejs/biome%402.4.16/biome-darwin-x64"
url_api = "https://api.github.com/repos/biomejs/biome/releases/assets/431129590"
provenance = "github-attestations"

[tools.biome."platforms.windows-x64"]
checksum = "sha256:1247239dae8f57aafeaeb9914e30b92efcc51c632eee3be4463a95969558f6a3"
url = "https://github.com/biomejs/biome/releases/download/%40biomejs/biome%402.4.16/biome-win32-x64.exe"
url_api = "https://api.github.com/repos/biomejs/biome/releases/assets/431129593"
provenance = "github-attestations"

[[tools.colima]]
version = "0.10.1"
backend = "aqua:abiosoft/colima"

[tools.colima."platforms.linux-arm64"]
checksum = "sha256:9d89f1fc10d15eb214e9ab7b30b70bc1524df33bcd7d6828082132e09e33e8ef"
url = "https://github.com/abiosoft/colima/releases/download/v0.10.1/colima-Linux-aarch64"
url_api = "https://api.github.com/repos/abiosoft/colima/releases/assets/360099495"

[tools.colima."platforms.linux-arm64-musl"]
checksum = "sha256:9d89f1fc10d15eb214e9ab7b30b70bc1524df33bcd7d6828082132e09e33e8ef"
url = "https://github.com/abiosoft/colima/releases/download/v0.10.1/colima-Linux-aarch64"
url_api = "https://api.github.com/repos/abiosoft/colima/releases/assets/360099495"

[tools.colima."platforms.linux-x64"]
checksum = "sha256:71293b94c725e26b35dcd00dfbc4713436237e76d99e768f5b14cebc4e7bfe8e"
url = "https://github.com/abiosoft/colima/releases/download/v0.10.1/colima-Linux-x86_64"
url_api = "https://api.github.com/repos/abiosoft/colima/releases/assets/360099484"

[tools.colima."platforms.linux-x64-musl"]
checksum = "sha256:71293b94c725e26b35dcd00dfbc4713436237e76d99e768f5b14cebc4e7bfe8e"
url = "https://github.com/abiosoft/colima/releases/download/v0.10.1/colima-Linux-x86_64"
url_api = "https://api.github.com/repos/abiosoft/colima/releases/assets/360099484"

[tools.colima."platforms.macos-arm64"]
checksum = "sha256:cff716570125444d9560e735d8a23ea50e9f70ca722bb9f44ab456c548425ea3"
url = "https://github.com/abiosoft/colima/releases/download/v0.10.1/colima-Darwin-arm64"
url_api = "https://api.github.com/repos/abiosoft/colima/releases/assets/360099480"

[tools.colima."platforms.macos-x64"]
checksum = "sha256:c927d411f70b7b40aced1caeef36cf3b19e0318cfad3606a0292cd488e9c4a0f"
url = "https://github.com/abiosoft/colima/releases/download/v0.10.1/colima-Darwin-x86_64"
url_api = "https://api.github.com/repos/abiosoft/colima/releases/assets/360099482"

[[tools.docker-cli]]
version = "29.5.2"
backend = "aqua:docker/cli"

[tools.docker-cli."platforms.linux-arm64"]
url = "https://download.docker.com/linux/static/stable/aarch64/docker-29.5.2.tgz"

[tools.docker-cli."platforms.linux-arm64-musl"]
url = "https://download.docker.com/linux/static/stable/aarch64/docker-29.5.2.tgz"

[tools.docker-cli."platforms.linux-x64"]
checksum = "blake3:a7224ea47bb95b20363ffa6a85f30c2c6455c674f56249f77e9d5f6249b8c1cc"
url = "https://download.docker.com/linux/static/stable/x86_64/docker-29.5.2.tgz"

[tools.docker-cli."platforms.linux-x64-musl"]
url = "https://download.docker.com/linux/static/stable/x86_64/docker-29.5.2.tgz"

[tools.docker-cli."platforms.macos-arm64"]
url = "https://download.docker.com/mac/static/stable/aarch64/docker-29.5.2.tgz"

[tools.docker-cli."platforms.macos-x64"]
url = "https://download.docker.com/mac/static/stable/x86_64/docker-29.5.2.tgz"

[tools.docker-cli."platforms.windows-x64"]
url = "https://download.docker.com/win/static/stable/x86_64/docker-29.5.2.zip"

[[tools.editorconfig-checker]]
version = "3.8.0"
backend = "aqua:editorconfig-checker/editorconfig-checker"

[tools.editorconfig-checker."platforms.linux-arm64"]
checksum = "sha256:5676889ac4eed1036180ffbe2aeb2062d985ac50f7e6035fe61160c6b8be2c33"
url = "https://github.com/editorconfig-checker/editorconfig-checker/releases/download/v3.8.0/ec-linux-arm64.tar.gz"
url_api = "https://api.github.com/repos/editorconfig-checker/editorconfig-checker/releases/assets/460248498"

[tools.editorconfig-checker."platforms.linux-arm64-musl"]
checksum = "sha256:5676889ac4eed1036180ffbe2aeb2062d985ac50f7e6035fe61160c6b8be2c33"
url = "https://github.com/editorconfig-checker/editorconfig-checker/releases/download/v3.8.0/ec-linux-arm64.tar.gz"
url_api = "https://api.github.com/repos/editorconfig-checker/editorconfig-checker/releases/assets/460248498"

[tools.editorconfig-checker."platforms.linux-x64"]
checksum = "sha256:613bd88f34165a334adcb6b7e92a123c9de0eada65846d31af63613b779ff3be"
url = "https://github.com/editorconfig-checker/editorconfig-checker/releases/download/v3.8.0/ec-linux-amd64.tar.gz"
url_api = "https://api.github.com/repos/editorconfig-checker/editorconfig-checker/releases/assets/460248510"

[tools.editorconfig-checker."platforms.linux-x64-musl"]
checksum = "sha256:613bd88f34165a334adcb6b7e92a123c9de0eada65846d31af63613b779ff3be"
url = "https://github.com/editorconfig-checker/editorconfig-checker/releases/download/v3.8.0/ec-linux-amd64.tar.gz"
url_api = "https://api.github.com/repos/editorconfig-checker/editorconfig-checker/releases/assets/460248510"

[tools.editorconfig-checker."platforms.macos-arm64"]
checksum = "sha256:73bbb23c24b94c9e61d7ed3694cc313943c59e5e8bc5bee9f186a997a45eb046"
url = "https://github.com/editorconfig-checker/editorconfig-checker/releases/download/v3.8.0/ec-darwin-arm64.tar.gz"
url_api = "https://api.github.com/repos/editorconfig-checker/editorconfig-checker/releases/assets/460248516"

[tools.editorconfig-checker."platforms.macos-x64"]
checksum = "sha256:ee0d45c94b9808a5aa15e08f94333a81842b456f511f29f71a8fe589b82d72a1"
url = "https://github.com/editorconfig-checker/editorconfig-checker/releases/download/v3.8.0/ec-darwin-amd64.tar.gz"
url_api = "https://api.github.com/repos/editorconfig-checker/editorconfig-checker/releases/assets/460248506"

[tools.editorconfig-checker."platforms.windows-x64"]
checksum = "sha256:7ec31e1a6a9983aa2a4942cb66dfd35e8b61e76263460413988438ae1426906a"
url = "https://github.com/editorconfig-checker/editorconfig-checker/releases/download/v3.8.0/ec-windows-amd64.zip"
url_api = "https://api.github.com/repos/editorconfig-checker/editorconfig-checker/releases/assets/460248513"

[[tools."github:agent-sh/agnix"]]
version = "0.36.2"
backend = "github:agent-sh/agnix"

[tools."github:agent-sh/agnix"."platforms.linux-arm64"]
checksum = "sha256:74639fcbf0765f4b20c2666cb00b917287ec00a3953c94b1e65eced6800fb0c6"
url = "https://github.com/agent-sh/agnix/releases/download/v0.36.2/agnix-aarch64-unknown-linux-gnu.tar.gz"
url_api = "https://api.github.com/repos/agent-sh/agnix/releases/assets/459759648"

[tools."github:agent-sh/agnix"."platforms.linux-arm64-musl"]
checksum = "sha256:74639fcbf0765f4b20c2666cb00b917287ec00a3953c94b1e65eced6800fb0c6"
url = "https://github.com/agent-sh/agnix/releases/download/v0.36.2/agnix-aarch64-unknown-linux-gnu.tar.gz"
url_api = "https://api.github.com/repos/agent-sh/agnix/releases/assets/459759648"

[tools."github:agent-sh/agnix"."platforms.linux-x64"]
checksum = "sha256:8c18db488cc4392f807f44925e8f4d9f589340209cf23969ef687574370a49b8"
url = "https://github.com/agent-sh/agnix/releases/download/v0.36.2/agnix-x86_64-unknown-linux-gnu.tar.gz"
url_api = "https://api.github.com/repos/agent-sh/agnix/releases/assets/459759636"

[tools."github:agent-sh/agnix"."platforms.linux-x64-musl"]
checksum = "sha256:714f2526efc4b4a6578350d3b31a2baffbf2fbb1066fb23699e58a43b2998906"
url = "https://github.com/agent-sh/agnix/releases/download/v0.36.2/agnix-x86_64-unknown-linux-musl.tar.gz"
url_api = "https://api.github.com/repos/agent-sh/agnix/releases/assets/459759642"

[tools."github:agent-sh/agnix"."platforms.macos-arm64"]
checksum = "sha256:fe32b2789920568f320e517c6da823fd7069351e26976d87670ea27c3e65b42c"
url = "https://github.com/agent-sh/agnix/releases/download/v0.36.2/agnix-aarch64-apple-darwin.tar.gz"
url_api = "https://api.github.com/repos/agent-sh/agnix/releases/assets/459759655"

[tools."github:agent-sh/agnix"."platforms.windows-x64"]
checksum = "sha256:d09b878b572098b33df592b2241a45aba028728a6e32c46c30c91e7baa8607f7"
url = "https://github.com/agent-sh/agnix/releases/download/v0.36.2/agnix-x86_64-pc-windows-msvc.zip"
url_api = "https://api.github.com/repos/agent-sh/agnix/releases/assets/459759633"

[[tools."github:ast-grep/ast-grep"]]
version = "0.43.0"
backend = "github:ast-grep/ast-grep"

[tools."github:ast-grep/ast-grep"."platforms.linux-arm64"]
checksum = "sha256:e706846148493967f3ab8011334817edd86ce5acbec10718b2a7b40799c640ff"
url = "https://github.com/ast-grep/ast-grep/releases/download/0.43.0/app-aarch64-unknown-linux-gnu.zip"
url_api = "https://api.github.com/repos/ast-grep/ast-grep/releases/assets/429542920"

[tools."github:ast-grep/ast-grep"."platforms.linux-arm64-musl"]
checksum = "sha256:e706846148493967f3ab8011334817edd86ce5acbec10718b2a7b40799c640ff"
url = "https://github.com/ast-grep/ast-grep/releases/download/0.43.0/app-aarch64-unknown-linux-gnu.zip"
url_api = "https://api.github.com/repos/ast-grep/ast-grep/releases/assets/429542920"

[tools."github:ast-grep/ast-grep"."platforms.linux-x64"]
checksum = "sha256:a26253a9c821d935f7e383e40f0de7c2ca62a4121de1f73a6d81ec32eae631e0"
url = "https://github.com/ast-grep/ast-grep/releases/download/0.43.0/app-x86_64-unknown-linux-gnu.zip"
url_api = "https://api.github.com/repos/ast-grep/ast-grep/releases/assets/429542387"

[tools."github:ast-grep/ast-grep"."platforms.linux-x64-musl"]
checksum = "sha256:a26253a9c821d935f7e383e40f0de7c2ca62a4121de1f73a6d81ec32eae631e0"
url = "https://github.com/ast-grep/ast-grep/releases/download/0.43.0/app-x86_64-unknown-linux-gnu.zip"
url_api = "https://api.github.com/repos/ast-grep/ast-grep/releases/assets/429542387"

[tools."github:ast-grep/ast-grep"."platforms.macos-arm64"]
checksum = "sha256:8c847d0a29aa4b3101b3361e0b3ee7fb53c7e497adc9ed1afc9615538cd40782"
url = "https://github.com/ast-grep/ast-grep/releases/download/0.43.0/app-aarch64-apple-darwin.zip"
url_api = "https://api.github.com/repos/ast-grep/ast-grep/releases/assets/429542766"

[tools."github:ast-grep/ast-grep"."platforms.macos-x64"]
checksum = "sha256:6d703090b106747b2f56086b6ccc7e798fe78bcae70257aa20519b220153555b"
url = "https://github.com/ast-grep/ast-grep/releases/download/0.43.0/app-x86_64-apple-darwin.zip"
url_api = "https://api.github.com/repos/ast-grep/ast-grep/releases/assets/429542599"

[tools."github:ast-grep/ast-grep"."platforms.windows-x64"]
checksum = "sha256:a4febbc8c48671e5729d85e29e4ebe5a051b7250d19545bca18e725ccf40ef61"
url = "https://github.com/ast-grep/ast-grep/releases/download/0.43.0/app-x86_64-pc-windows-msvc.zip"
url_api = "https://api.github.com/repos/ast-grep/ast-grep/releases/assets/429546361"

[[tools.lefthook]]
version = "2.1.9"
backend = "aqua:evilmartians/lefthook"

[tools.lefthook."platforms.linux-arm64"]
checksum = "sha256:d1bae1c9c26b35270dd675c93c33cecead885368ed078b3976ec23cdcedd28e8"
url = "https://github.com/evilmartians/lefthook/releases/download/v2.1.9/lefthook_2.1.9_Linux_aarch64.gz"
url_api = "https://api.github.com/repos/evilmartians/lefthook/releases/assets/432862088"
provenance = "github-attestations"

[tools.lefthook."platforms.linux-arm64-musl"]
checksum = "sha256:d1bae1c9c26b35270dd675c93c33cecead885368ed078b3976ec23cdcedd28e8"
url = "https://github.com/evilmartians/lefthook/releases/download/v2.1.9/lefthook_2.1.9_Linux_aarch64.gz"
url_api = "https://api.github.com/repos/evilmartians/lefthook/releases/assets/432862088"
provenance = "github-attestations"

[tools.lefthook."platforms.linux-x64"]
checksum = "sha256:e938f34bd05bafe1155888879a045ef4ee8cf5b4a56c9e5e9b0c2649f295636e"
url = "https://github.com/evilmartians/lefthook/releases/download/v2.1.9/lefthook_2.1.9_Linux_x86_64.gz"
url_api = "https://api.github.com/repos/evilmartians/lefthook/releases/assets/432862064"
provenance = "github-attestations"

[tools.lefthook."platforms.linux-x64-musl"]
checksum = "sha256:e938f34bd05bafe1155888879a045ef4ee8cf5b4a56c9e5e9b0c2649f295636e"
url = "https://github.com/evilmartians/lefthook/releases/download/v2.1.9/lefthook_2.1.9_Linux_x86_64.gz"
url_api = "https://api.github.com/repos/evilmartians/lefthook/releases/assets/432862064"
provenance = "github-attestations"

[tools.lefthook."platforms.macos-arm64"]
checksum = "sha256:808f8ef81a61e01eb41c1a2951e5639804f2372dc6a484bbeff726406745c77f"
url = "https://github.com/evilmartians/lefthook/releases/download/v2.1.9/lefthook_2.1.9_MacOS_arm64.gz"
url_api = "https://api.github.com/repos/evilmartians/lefthook/releases/assets/432862040"
provenance = "github-attestations"

[tools.lefthook."platforms.macos-x64"]
checksum = "sha256:371c3c75cb07a8cdf41295596d3981adc1f92dee7795001f7d471e1f36fe2a0e"
url = "https://github.com/evilmartians/lefthook/releases/download/v2.1.9/lefthook_2.1.9_MacOS_x86_64.gz"
url_api = "https://api.github.com/repos/evilmartians/lefthook/releases/assets/432862047"
provenance = "github-attestations"

[tools.lefthook."platforms.windows-x64"]
checksum = "sha256:1f29681dfbc36b9bdde52139cca6c4668ea4d51fd81e9127a3b78f49369db67e"
url = "https://github.com/evilmartians/lefthook/releases/download/v2.1.9/lefthook_2.1.9_Windows_x86_64.gz"
url_api = "https://api.github.com/repos/evilmartians/lefthook/releases/assets/432862077"
provenance = "github-attestations"

[[tools.lima]]
version = "2.1.2"
backend = "aqua:lima-vm/lima"

[tools.lima."platforms.linux-arm64"]
checksum = "sha256:c2deb0aad9ba375b0d1cc37bf3e01402f2d9ef6cf63db924171d2627823626b0"
url = "https://github.com/lima-vm/lima/releases/download/v2.1.2/lima-2.1.2-Linux-aarch64.tar.gz"
url_api = "https://api.github.com/repos/lima-vm/lima/releases/assets/435107190"
provenance = "github-attestations"

[tools.lima."platforms.linux-arm64-musl"]
checksum = "sha256:c2deb0aad9ba375b0d1cc37bf3e01402f2d9ef6cf63db924171d2627823626b0"
url = "https://github.com/lima-vm/lima/releases/download/v2.1.2/lima-2.1.2-Linux-aarch64.tar.gz"
url_api = "https://api.github.com/repos/lima-vm/lima/releases/assets/435107190"
provenance = "github-attestations"

[tools.lima."platforms.linux-x64"]
checksum = "sha256:648ed5f599012a0864bd0c4809063b18116bca57f2593d30547dfedbef3c2ce0"
url = "https://github.com/lima-vm/lima/releases/download/v2.1.2/lima-2.1.2-Linux-x86_64.tar.gz"
url_api = "https://api.github.com/repos/lima-vm/lima/releases/assets/435107194"
provenance = "github-attestations"

[tools.lima."platforms.linux-x64-musl"]
checksum = "sha256:648ed5f599012a0864bd0c4809063b18116bca57f2593d30547dfedbef3c2ce0"
url = "https://github.com/lima-vm/lima/releases/download/v2.1.2/lima-2.1.2-Linux-x86_64.tar.gz"
url_api = "https://api.github.com/repos/lima-vm/lima/releases/assets/435107194"
provenance = "github-attestations"

[tools.lima."platforms.macos-arm64"]
checksum = "sha256:7081d03d01511f20c4a3b38d8120428ef1c66e4b21ec9b54017bc65da60b031f"
url = "https://github.com/lima-vm/lima/releases/download/v2.1.2/lima-2.1.2-Darwin-arm64.tar.gz"
url_api = "https://api.github.com/repos/lima-vm/lima/releases/assets/435107193"
provenance = "github-attestations"

[tools.lima."platforms.macos-x64"]
checksum = "sha256:3dc5218c7b0cc14126fb6e3ae6f174f026660e4e2cdffcb34b16e5a2f415eb45"
url = "https://github.com/lima-vm/lima/releases/download/v2.1.2/lima-2.1.2-Darwin-x86_64.tar.gz"
url_api = "https://api.github.com/repos/lima-vm/lima/releases/assets/435107192"
provenance = "github-attestations"

[[tools."npm:@claude-flow/cli"]]
version = "3.10.31"
backend = "npm:@claude-flow/cli"

[[tools."npm:@contextlint/cli"]]
version = "1.1.1"
backend = "npm:@contextlint/cli"

[[tools."npm:@devcontainers/cli"]]
version = "0.87.0"
backend = "npm:@devcontainers/cli"

[[tools."npm:@ralph-orchestrator/ralph-cli"]]
version = "2.9.3"
backend = "npm:@ralph-orchestrator/ralph-cli"

[[tools."npm:agent-browser"]]
version = "0.27.0"
backend = "npm:agent-browser"

[[tools."npm:agents-lint"]]
version = "0.5.0"
backend = "npm:agents-lint"

[[tools."npm:claude-code-lint"]]
version = "0.5.0"
backend = "npm:claude-code-lint"

[[tools."npm:ctx7"]]
version = "0.4.4"
backend = "npm:ctx7"

[[tools."npm:markdownlint-cli2"]]
version = "0.22.1"
backend = "npm:markdownlint-cli2"

[[tools."npm:oh-my-claude-sisyphus"]]
version = "4.14.4"
backend = "npm:oh-my-claude-sisyphus"

[[tools."npm:portless"]]
version = "0.13.1"
backend = "npm:portless"

[[tools."npm:renovate"]]
version = "43.252.1"
backend = "npm:renovate"

[[tools."npm:skills"]]
version = "1.5.9"
backend = "npm:skills"

[[tools.opencode]]
version = "1.15.13"
backend = "aqua:anomalyco/opencode"

[tools.opencode."platforms.linux-arm64"]
checksum = "sha256:7a0e5da2427c7804314fe0f87b74b4408467f94e3b8b1a61ba25a1d71fe0b4d2"
url = "https://github.com/anomalyco/opencode/releases/download/v1.15.13/opencode-linux-arm64.tar.gz"
url_api = "https://api.github.com/repos/anomalyco/opencode/releases/assets/434078844"

[tools.opencode."platforms.linux-arm64-musl"]
checksum = "sha256:a98c2da185a059c29a9b6764dc7da05e91a63c8c0480163d138e7d812882c9bf"
url = "https://github.com/anomalyco/opencode/releases/download/v1.15.13/opencode-linux-arm64-musl.tar.gz"
url_api = "https://api.github.com/repos/anomalyco/opencode/releases/assets/434078737"

[tools.opencode."platforms.linux-x64"]
checksum = "sha256:51785a07c009f27c5125a5235c5a0ff78433dace07f73fbc44eb672ead4b3d79"
url = "https://github.com/anomalyco/opencode/releases/download/v1.15.13/opencode-linux-x64.tar.gz"
url_api = "https://api.github.com/repos/anomalyco/opencode/releases/assets/434078739"

[tools.opencode."platforms.linux-x64-musl"]
checksum = "sha256:61f0eed6cbe3114bd22fad53098bcf397e298b51d6e113194b30c32f19002db7"
url = "https://github.com/anomalyco/opencode/releases/download/v1.15.13/opencode-linux-x64-musl.tar.gz"
url_api = "https://api.github.com/repos/anomalyco/opencode/releases/assets/434078732"

[tools.opencode."platforms.macos-arm64"]
checksum = "sha256:be369a38d15a22e83fad34874d1bc7ddead8084e07df292b28d079287d54ab0c"
url = "https://github.com/anomalyco/opencode/releases/download/v1.15.13/opencode-darwin-arm64.zip"
url_api = "https://api.github.com/repos/anomalyco/opencode/releases/assets/434078662"

[tools.opencode."platforms.macos-x64"]
checksum = "sha256:e0da1f0c011daa8717479014968d7ec8ce672801a8ba4710f49471dc9fbb2c7b"
url = "https://github.com/anomalyco/opencode/releases/download/v1.15.13/opencode-darwin-x64.zip"
url_api = "https://api.github.com/repos/anomalyco/opencode/releases/assets/434078661"

[tools.opencode."platforms.windows-x64"]
checksum = "sha256:186c5d42c3540e401b3e112ee28c964873cb04f61f1a8b0b43c3c88337efed85"
url = "https://github.com/anomalyco/opencode/releases/download/v1.15.13/opencode-windows-x64.zip"
url_api = "https://api.github.com/repos/anomalyco/opencode/releases/assets/434079938"

[[tools."pipx:deepagents-cli"]]
version = "0.1.2"
backend = "pipx:deepagents-cli"

[[tools."pipx:mcp2cli"]]
version = "3.2.0"
backend = "pipx:mcp2cli"

[[tools.rtk]]
version = "0.43.0"
backend = "github:rtk-ai/rtk"

[tools.rtk."platforms.linux-arm64"]
checksum = "sha256:5519f7ca12e5c143a609f0d28a0a77b97413a8dce31c2681f1a41c24519a8731"
url = "https://github.com/rtk-ai/rtk/releases/download/v0.43.0/rtk-aarch64-unknown-linux-gnu.tar.gz"
url_api = "https://api.github.com/repos/rtk-ai/rtk/releases/assets/460115891"

[tools.rtk."platforms.linux-arm64-musl"]
checksum = "sha256:5519f7ca12e5c143a609f0d28a0a77b97413a8dce31c2681f1a41c24519a8731"
url = "https://github.com/rtk-ai/rtk/releases/download/v0.43.0/rtk-aarch64-unknown-linux-gnu.tar.gz"
url_api = "https://api.github.com/repos/rtk-ai/rtk/releases/assets/460115891"

[tools.rtk."platforms.linux-x64"]
checksum = "sha256:ff8a1e7766496e175291a85aeca1dc97c9ff6df33e51e5893d1fbc78fea2a609"
url = "https://github.com/rtk-ai/rtk/releases/download/v0.43.0/rtk-x86_64-unknown-linux-musl.tar.gz"
url_api = "https://api.github.com/repos/rtk-ai/rtk/releases/assets/460115882"

[tools.rtk."platforms.linux-x64-musl"]
checksum = "sha256:ff8a1e7766496e175291a85aeca1dc97c9ff6df33e51e5893d1fbc78fea2a609"
url = "https://github.com/rtk-ai/rtk/releases/download/v0.43.0/rtk-x86_64-unknown-linux-musl.tar.gz"
url_api = "https://api.github.com/repos/rtk-ai/rtk/releases/assets/460115882"

[tools.rtk."platforms.macos-arm64"]
checksum = "sha256:8a17e49acbd378997eb21d0eb6f7f861111f35b4fc9b1c74edf4c7448e576c65"
url = "https://github.com/rtk-ai/rtk/releases/download/v0.43.0/rtk-aarch64-apple-darwin.tar.gz"
url_api = "https://api.github.com/repos/rtk-ai/rtk/releases/assets/460115888"

[tools.rtk."platforms.macos-x64"]
checksum = "sha256:a85f60e2637811be68366208b8d8b9c5ba1b748cb5df4477ab20cd73d3c5d9f8"
url = "https://github.com/rtk-ai/rtk/releases/download/v0.43.0/rtk-x86_64-apple-darwin.tar.gz"
url_api = "https://api.github.com/repos/rtk-ai/rtk/releases/assets/460115887"

[tools.rtk."platforms.windows-x64"]
checksum = "sha256:7c5e4a2ef816a4d4ed947ddd74ca3df851fc39ea87d49a3ca2bf3abc515a016b"
url = "https://github.com/rtk-ai/rtk/releases/download/v0.43.0/rtk-x86_64-pc-windows-msvc.zip"
url_api = "https://api.github.com/repos/rtk-ai/rtk/releases/assets/460115883"

[[tools.rumdl]]
version = "0.2.4"
backend = "aqua:rvben/rumdl"

[tools.rumdl."platforms.linux-arm64"]
checksum = "sha256:dbebfff0b8069550f12a833572c3caf7177baebbe7aec7dbcc0cadbba01125a0"
url = "https://github.com/rvben/rumdl/releases/download/v0.2.4/rumdl-v0.2.4-aarch64-unknown-linux-musl.tar.gz"
url_api = "https://api.github.com/repos/rvben/rumdl/releases/assets/433299528"
provenance = "github-attestations"

[tools.rumdl."platforms.linux-arm64-musl"]
checksum = "sha256:dbebfff0b8069550f12a833572c3caf7177baebbe7aec7dbcc0cadbba01125a0"
url = "https://github.com/rvben/rumdl/releases/download/v0.2.4/rumdl-v0.2.4-aarch64-unknown-linux-musl.tar.gz"
url_api = "https://api.github.com/repos/rvben/rumdl/releases/assets/433299528"
provenance = "github-attestations"

[tools.rumdl."platforms.linux-x64"]
checksum = "sha256:b0ae99a215671311d425d49abe65bd69b9fe153f3662b489b8243e73e036959f"
url = "https://github.com/rvben/rumdl/releases/download/v0.2.4/rumdl-v0.2.4-x86_64-unknown-linux-musl.tar.gz"
url_api = "https://api.github.com/repos/rvben/rumdl/releases/assets/433299517"
provenance = "github-attestations"

[tools.rumdl."platforms.linux-x64-musl"]
checksum = "sha256:b0ae99a215671311d425d49abe65bd69b9fe153f3662b489b8243e73e036959f"
url = "https://github.com/rvben/rumdl/releases/download/v0.2.4/rumdl-v0.2.4-x86_64-unknown-linux-musl.tar.gz"
url_api = "https://api.github.com/repos/rvben/rumdl/releases/assets/433299517"
provenance = "github-attestations"

[tools.rumdl."platforms.macos-arm64"]
checksum = "sha256:83aeb436ea758e9ac8524c580fe5d995d893fbd0544e1cda534cdc5ebbce7a1f"
url = "https://github.com/rvben/rumdl/releases/download/v0.2.4/rumdl-v0.2.4-aarch64-apple-darwin.tar.gz"
url_api = "https://api.github.com/repos/rvben/rumdl/releases/assets/433299519"
provenance = "github-attestations"

[tools.rumdl."platforms.macos-x64"]
checksum = "sha256:64bcc51604ce5e2af47b990b8fed5cb81d5766fabc42ccb9917b7d4fcb356e74"
url = "https://github.com/rvben/rumdl/releases/download/v0.2.4/rumdl-v0.2.4-x86_64-apple-darwin.tar.gz"
url_api = "https://api.github.com/repos/rvben/rumdl/releases/assets/433299523"
provenance = "github-attestations"

[tools.rumdl."platforms.windows-x64"]
checksum = "sha256:d3bb0de583f4a01c110e47cefb7b5c048cfba38707e4c828c18aca4cda4a5e4e"
url = "https://github.com/rvben/rumdl/releases/download/v0.2.4/rumdl-v0.2.4-x86_64-pc-windows-msvc.zip"
url_api = "https://api.github.com/repos/rvben/rumdl/releases/assets/433299530"
provenance = "github-attestations"

[[tools.zizmor]]
version = "1.26.1"
backend = "aqua:zizmorcore/zizmor"

[tools.zizmor."platforms.linux-arm64"]
checksum = "sha256:711f5af366b299128f9a04b1470e37d990b41fbd21f14a1a4148d25004a83762"
url = "https://github.com/zizmorcore/zizmor/releases/download/v1.26.1/zizmor-aarch64-unknown-linux-gnu.tar.gz"
url_api = "https://api.github.com/repos/zizmorcore/zizmor/releases/assets/453417983"
provenance = "github-attestations"

[tools.zizmor."platforms.linux-arm64-musl"]
provenance = "github-attestations"

[tools.zizmor."platforms.linux-x64"]
checksum = "sha256:8556289a64e7aaf2400cd516f61a471aa91c5902cc56ad96a82fd12f90c2ef73"
url = "https://github.com/zizmorcore/zizmor/releases/download/v1.26.1/zizmor-x86_64-unknown-linux-gnu.tar.gz"
url_api = "https://api.github.com/repos/zizmorcore/zizmor/releases/assets/453417985"
provenance = "github-attestations"

[tools.zizmor."platforms.linux-x64-musl"]
provenance = "github-attestations"

[tools.zizmor."platforms.macos-arm64"]
checksum = "sha256:68ab2b37836bbd44f6cfffcc102b9ffffbc20c5d67d84293dafb63bd2775a1da"
url = "https://github.com/zizmorcore/zizmor/releases/download/v1.26.1/zizmor-aarch64-apple-darwin.tar.gz"
url_api = "https://api.github.com/repos/zizmorcore/zizmor/releases/assets/453417984"
provenance = "github-attestations"

[tools.zizmor."platforms.macos-x64"]
checksum = "sha256:2967414a561f8c1264121e8f723c3b5abcf3d1bf7ce5063114df99985dd75801"
url = "https://github.com/zizmorcore/zizmor/releases/download/v1.26.1/zizmor-x86_64-apple-darwin.tar.gz"
url_api = "https://api.github.com/repos/zizmorcore/zizmor/releases/assets/453417982"
provenance = "github-attestations"

[tools.zizmor."platforms.windows-x64"]
checksum = "sha256:c6cea156935e3b9d36faeca4fd8f622d23f7a7578da26adb34e6456abd9beb9a"
url = "https://github.com/zizmorcore/zizmor/releases/download/v1.26.1/zizmor-x86_64-pc-windows-msvc.zip"
url_api = "https://api.github.com/repos/zizmorcore/zizmor/releases/assets/453417981"
provenance = "github-attestations"
