# @generated - this file is auto-generated by `mise lock` https://mise.en.dev/dev-tools/mise-lock.html

[conda-packages.linux-x64."_openmp_mutex-4.5-20_gnu"]
url = "https://conda.anaconda.org/conda-forge/linux-64/_openmp_mutex-4.5-20_gnu.conda"
checksum = "sha256:1dd3fffd892081df9726d7eb7e0dea6198962ba775bd88842135a4ddb4deb3c9"

[conda-packages.linux-x64."attr-2.5.2-hb03c661_1"]
url = "https://conda.anaconda.org/conda-forge/linux-64/attr-2.5.2-hb03c661_1.conda"
checksum = "sha256:78c516af87437f52d883193cf167378f592ad445294c69f7c69f56059087c40d"

[conda-packages.linux-x64."bzip2-1.0.8-hda65f42_9"]
url = "https://conda.anaconda.org/conda-forge/linux-64/bzip2-1.0.8-hda65f42_9.conda"
checksum = "sha256:0b75d45f0bba3e95dc693336fa51f40ea28c980131fec438afb7ce6118ed05f6"

[conda-packages.linux-x64."c-ares-1.34.8-hb03c661_0"]
url = "https://conda.anaconda.org/conda-forge/linux-64/c-ares-1.34.8-hb03c661_0.conda"
checksum = "sha256:dee93a82d045f9aa8277829aa465224afa3c7a6ac18388de66099b2be7f705e7"

[conda-packages.linux-x64."ca-certificates-2026.7.22-hbd8a1cb_0"]
url = "https://conda.anaconda.org/conda-forge/noarch/ca-certificates-2026.7.22-hbd8a1cb_0.conda"
checksum = "sha256:0a0544cf95f64394fe4959286f5c71f5444ad58feb0602e53becb27448d24da6"

[conda-packages.linux-x64."elfutils-0.192-hebdcf93_2"]
url = "https://conda.anaconda.org/conda-forge/linux-64/elfutils-0.192-hebdcf93_2.conda"
checksum = "sha256:2fe2d32f4b6a61465d59386eed2727cfe7a3975decf8b46e8ab29cc050b110fa"

[conda-packages.linux-x64."gmp-6.3.0-hac33072_2"]
url = "https://conda.anaconda.org/conda-forge/linux-64/gmp-6.3.0-hac33072_2.conda"
checksum = "sha256:309cf4f04fec0c31b6771a5809a1909b4b3154a2208f52351e1ada006f4c750c"

[conda-packages.linux-x64."gnutls-3.8.13-h18acefa_0"]
url = "https://conda.anaconda.org/conda-forge/linux-64/gnutls-3.8.13-h18acefa_0.conda"
checksum = "sha256:dbdbb714064914281c755650bc54e1855412e7e2f4c99ad171b5123ed704b2b1"

[conda-packages.linux-x64."icu-78.3-h54a6638_2"]
url = "https://conda.anaconda.org/conda-forge/linux-64/icu-78.3-h54a6638_2.conda"
checksum = "sha256:d7c260b7e1cf22ce04d6ba8a86eabf4e6c50bc96a5c27fe2ecb32298af3e88eb"

[conda-packages.linux-x64."keyutils-1.6.3-hb9d3cd8_0"]
url = "https://conda.anaconda.org/conda-forge/linux-64/keyutils-1.6.3-hb9d3cd8_0.conda"
checksum = "sha256:0960d06048a7185d3542d850986d807c6e37ca2e644342dd0c72feefcf26c2a4"

[conda-packages.linux-x64."krb5-1.22.2-hbde042b_1"]
url = "https://conda.anaconda.org/conda-forge/linux-64/krb5-1.22.2-hbde042b_1.conda"
checksum = "sha256:9b07046870772f28740e3f6149f09ff222843733087a33c5540b169c6289652d"

[conda-packages.linux-x64."ld_impl_linux-64-2.46.1-default_hbd61a6d_102"]
url = "https://conda.anaconda.org/conda-forge/linux-64/ld_impl_linux-64-2.46.1-default_hbd61a6d_102.conda"
checksum = "sha256:27d83f1188cd19bcb7754a078b3fa7f4cfb8527f8eb2fde54dd01fc529d1adec"

[conda-packages.linux-x64."libarchive-3.8.9-gpl_hc2c16d8_100"]
url = "https://conda.anaconda.org/conda-forge/linux-64/libarchive-3.8.9-gpl_hc2c16d8_100.conda"
checksum = "sha256:000b4baa9ce849b5fb259af9256331d0c7872361ac63a2bba0d0c48eb35663d0"

[conda-packages.linux-x64."libattr-2.5.2-hb03c661_1"]
url = "https://conda.anaconda.org/conda-forge/linux-64/libattr-2.5.2-hb03c661_1.conda"
checksum = "sha256:0cef37eb013dc7091f17161c357afbdef9a9bc79ef6462508face6db3f37db77"

[conda-packages.linux-x64."libcap-2.76-h0b2e76d_0"]
url = "https://conda.anaconda.org/conda-forge/linux-64/libcap-2.76-h0b2e76d_0.conda"
checksum = "sha256:a946b61be1af15ff08c7722e9bac0fab446d8b9896c9f0f35657dfcf887fda8a"

[conda-packages.linux-x64."libclang-cpp22.1-22.1.8-default_h6c227bf_3"]
url = "https://conda.anaconda.org/conda-forge/linux-64/libclang-cpp22.1-22.1.8-default_h6c227bf_3.conda"
checksum = "sha256:ccb8bd0a8f2d57675b6a60dabb0cc8becb35c2748ac4ec920d7f7625b93c16d8"

[conda-packages.linux-x64."libcurl-8.21.0-hae6b9f4_2"]
url = "https://conda.anaconda.org/conda-forge/linux-64/libcurl-8.21.0-hae6b9f4_2.conda"
checksum = "sha256:ba8354084b34fce56d5697982fce4a384c148e972e15c0ab891187617fe7ec29"

[conda-packages.linux-x64."libedit-3.1.20250104-pl5321h7949ede_0"]
url = "https://conda.anaconda.org/conda-forge/linux-64/libedit-3.1.20250104-pl5321h7949ede_0.conda"
checksum = "sha256:d789471216e7aba3c184cd054ed61ce3f6dac6f87a50ec69291b9297f8c18724"

[conda-packages.linux-x64."libev-4.33-hd590300_2"]
url = "https://conda.anaconda.org/conda-forge/linux-64/libev-4.33-hd590300_2.conda"
checksum = "sha256:1cd6048169fa0395af74ed5d8f1716e22c19a81a8a36f934c110ca3ad4dd27b4"

[conda-packages.linux-x64."libexpat-2.8.1-hecca717_1"]
url = "https://conda.anaconda.org/conda-forge/linux-64/libexpat-2.8.1-hecca717_1.conda"
checksum = "sha256:16feffd9ddbbe5b718515d38ee376c685ba95491cd901244e24671d20b952a77"

[conda-packages.linux-x64."libffi-3.5.2-h3435931_0"]
url = "https://conda.anaconda.org/conda-forge/linux-64/libffi-3.5.2-h3435931_0.conda"
checksum = "sha256:31f19b6a88ce40ebc0d5a992c131f57d919f73c0b92cd1617a5bec83f6e961e6"

[conda-packages.linux-x64."libgcc-16.1.0-ha9f2e26_0"]
url = "https://conda.anaconda.org/conda-forge/linux-64/libgcc-16.1.0-ha9f2e26_0.conda"
checksum = "sha256:c06e9c8c1836dda7ba50a5f427c1d7bdc4bd31426207c4553221c75ae49c3ec2"

[conda-packages.linux-x64."libgcc-ng-16.1.0-h69a702a_0"]
url = "https://conda.anaconda.org/conda-forge/linux-64/libgcc-ng-16.1.0-h69a702a_0.conda"
checksum = "sha256:2d64b3c46de921c910caac4b8da85be84ac1781ddb5d563d4424267753c122cc"

[conda-packages.linux-x64."libgfortran-16.1.0-h69a702a_0"]
url = "https://conda.anaconda.org/conda-forge/linux-64/libgfortran-16.1.0-h69a702a_0.conda"
checksum = "sha256:563a343efeee9ee04aae2a19710175b40e42d8995ae1117830cc3cd77da34278"

[conda-packages.linux-x64."libgfortran5-16.1.0-h79bb938_0"]
url = "https://conda.anaconda.org/conda-forge/linux-64/libgfortran5-16.1.0-h79bb938_0.conda"
checksum = "sha256:44b36269b491870abddc7a02e75a9de31eaca71182df88bfa9211d9958fed1f2"

[conda-packages.linux-x64."libgomp-16.1.0-he0feb66_0"]
url = "https://conda.anaconda.org/conda-forge/linux-64/libgomp-16.1.0-he0feb66_0.conda"
checksum = "sha256:24b6406687ad439e989071e05e7ddbe5980e048650165e61fff40f906c55cc83"

[conda-packages.linux-x64."libhiredis-1.3.0-h5888daf_1"]
url = "https://conda.anaconda.org/conda-forge/linux-64/libhiredis-1.3.0-h5888daf_1.conda"
checksum = "sha256:5638e321719590b00826d218431d5028d1a22a76f281532ce621d9a40d5e0f42"

[conda-packages.linux-x64."libhwloc-2.13.0-default_he001693_1000"]
url = "https://conda.anaconda.org/conda-forge/linux-64/libhwloc-2.13.0-default_he001693_1000.conda"
checksum = "sha256:5041d295813dfb84652557839825880aae296222ab725972285c5abe3b6e4288"

[conda-packages.linux-x64."libiconv-1.18-h3b78370_2"]
url = "https://conda.anaconda.org/conda-forge/linux-64/libiconv-1.18-h3b78370_2.conda"
checksum = "sha256:c467851a7312765447155e071752d7bf9bf44d610a5687e32706f480aad2833f"

[conda-packages.linux-x64."libidn2-2.3.8-hfac485b_1"]
url = "https://conda.anaconda.org/conda-forge/linux-64/libidn2-2.3.8-hfac485b_1.conda"
checksum = "sha256:cc38c900b9a20fe75e61cbb594e749c57a06d96510722f5ddfa309682062b065"

[conda-packages.linux-x64."libllvm22-22.1.8-hf7376ad_1"]
url = "https://conda.anaconda.org/conda-forge/linux-64/libllvm22-22.1.8-hf7376ad_1.conda"
checksum = "sha256:e9b5f301d6b001a9b8ce782157f56b75c92c4fbc9eba95dc6345c1139251d13b"

[conda-packages.linux-x64."liblzma-5.8.3-hb03c661_0"]
url = "https://conda.anaconda.org/conda-forge/linux-64/liblzma-5.8.3-hb03c661_0.conda"
checksum = "sha256:ec30e52a3c1bf7d0425380a189d209a52baa03f22fb66dd3eb587acaa765bd6d"

[conda-packages.linux-x64."liblzma-devel-5.8.3-hb03c661_0"]
url = "https://conda.anaconda.org/conda-forge/linux-64/liblzma-devel-5.8.3-hb03c661_0.conda"
checksum = "sha256:7858f6a173206bc8a5bdc8e75690483bb66c0dcc3809ac1cb43c561a4723623a"

[conda-packages.linux-x64."libmicrohttpd-1.0.5-hc2fc477_0"]
url = "https://conda.anaconda.org/conda-forge/linux-64/libmicrohttpd-1.0.5-hc2fc477_0.conda"
checksum = "sha256:480c485ee8c662124b1248e88135cfc8e8ece4b21bc44b89eb5b6413831f3614"

[conda-packages.linux-x64."libmpdec-4.0.0-hb03c661_1"]
url = "https://conda.anaconda.org/conda-forge/linux-64/libmpdec-4.0.0-hb03c661_1.conda"
checksum = "sha256:fe171ed5cf5959993d43ff72de7596e8ac2853e9021dec0344e583734f1e0843"

[conda-packages.linux-x64."libnghttp2-1.68.1-h877daf1_0"]
url = "https://conda.anaconda.org/conda-forge/linux-64/libnghttp2-1.68.1-h877daf1_0.conda"
checksum = "sha256:663444d77a42f2265f54fb8b48c5450bfff4388d9c0f8253dd7855f0d993153f"

[conda-packages.linux-x64."libnuma-2.0.18-hb03c661_3"]
url = "https://conda.anaconda.org/conda-forge/linux-64/libnuma-2.0.18-hb03c661_3.conda"
checksum = "sha256:17d72848a6480f0b0708f2b2f64292b5fa0e0996ce56f26fc26e4aebb5a9ca81"

[conda-packages.linux-x64."libpsl-0.22.0-h49b2146_1"]
url = "https://conda.anaconda.org/conda-forge/linux-64/libpsl-0.22.0-h49b2146_1.conda"
checksum = "sha256:71118885feab91c61bea4e9532ec46e0653b24f02e563681f822915aee8435bb"

[conda-packages.linux-x64."libsqlite-3.53.3-h0c1763c_0"]
url = "https://conda.anaconda.org/conda-forge/linux-64/libsqlite-3.53.3-h0c1763c_0.conda"
checksum = "sha256:365376f4815e5e80def2b3462a2419708b7c292da0da85278386c2618621fff4"

[conda-packages.linux-x64."libsqlite-3.53.4-hf4e2dac_0"]
url = "https://conda.anaconda.org/conda-forge/linux-64/libsqlite-3.53.4-hf4e2dac_0.conda"
checksum = "sha256:72023efc207fe681e26b65fc9d668062cf0b4f0eacf3431e6eb099b95c1f2efd"

[conda-packages.linux-x64."libssh2-1.11.1-hcf80075_0"]
url = "https://conda.anaconda.org/conda-forge/linux-64/libssh2-1.11.1-hcf80075_0.conda"
checksum = "sha256:fa39bfd69228a13e553bd24601332b7cfeb30ca11a3ca50bb028108fe90a7661"

[conda-packages.linux-x64."libstdcxx-16.1.0-h934c35e_0"]
url = "https://conda.anaconda.org/conda-forge/linux-64/libstdcxx-16.1.0-h934c35e_0.conda"
checksum = "sha256:a791d1b4bbdd8b6bfbe315b011d479975ab9524115035f474c70d7e438bca12f"

[conda-packages.linux-x64."libstdcxx-ng-16.1.0-hdf11a46_0"]
url = "https://conda.anaconda.org/conda-forge/linux-64/libstdcxx-ng-16.1.0-hdf11a46_0.conda"
checksum = "sha256:1ca98460fe8fb81aa612e039ebcaa9a0ab3ee0de3d9b0e00a55dc396de3c6858"

[conda-packages.linux-x64."libtasn1-4.21.0-hb03c661_0"]
url = "https://conda.anaconda.org/conda-forge/linux-64/libtasn1-4.21.0-hb03c661_0.conda"
checksum = "sha256:a3f0c33ef567eb2e3a22d7fea0717a294a5fea4964478aa06b467ce1c93bec38"

[conda-packages.linux-x64."libunistring-0.9.10-h7f98852_0"]
url = "https://conda.anaconda.org/conda-forge/linux-64/libunistring-0.9.10-h7f98852_0.tar.bz2"
checksum = "sha256:e88c45505921db29c08df3439ddb7f771bbff35f95e7d3103bf365d5d6ce2a6d"

[conda-packages.linux-x64."libunwind-1.8.3-h65a8314_0"]
url = "https://conda.anaconda.org/conda-forge/linux-64/libunwind-1.8.3-h65a8314_0.conda"
checksum = "sha256:71c8b9d5c72473752a0bb6e91b01dd209a03916cb71f36cc6a564e3a2a132d7a"

[conda-packages.linux-x64."libuuid-2.42.2-h5347b49_0"]
url = "https://conda.anaconda.org/conda-forge/linux-64/libuuid-2.42.2-h5347b49_0.conda"
checksum = "sha256:9b1bdce27a7e31f7d241aeecff67a1f3101d52a2b1e33ccc2cdf2613072bf81f"

[conda-packages.linux-x64."libuv-1.52.1-h280c20c_0"]
url = "https://conda.anaconda.org/conda-forge/linux-64/libuv-1.52.1-h280c20c_0.conda"
checksum = "sha256:e28e4519223f78b3163599ca89c3f2d80bfb53e907e7fc74e806e60d1efa578b"

[conda-packages.linux-x64."libxcrypt-4.4.36-hd590300_1"]
url = "https://conda.anaconda.org/conda-forge/linux-64/libxcrypt-4.4.36-hd590300_1.conda"
checksum = "sha256:6ae68e0b86423ef188196fff6207ed0c8195dd84273cb5623b85aa08033a410c"

[conda-packages.linux-x64."libxml2-16-2.15.3-hca6bf5a_0"]
url = "https://conda.anaconda.org/conda-forge/linux-64/libxml2-16-2.15.3-hca6bf5a_0.conda"
checksum = "sha256:3d44f737c5ae52d5af32682cc1530df433f401f8e58a7533926536244127572a"

[conda-packages.linux-x64."libxml2-2.15.3-h49c6c72_0"]
url = "https://conda.anaconda.org/conda-forge/linux-64/libxml2-2.15.3-h49c6c72_0.conda"
checksum = "sha256:3bc5551720c58591f6ea1146f7d1539c734ed1c40e7b9f5cb8cb7e900c509aba"

[conda-packages.linux-x64."libzlib-1.3.2-h25fd6f3_2"]
url = "https://conda.anaconda.org/conda-forge/linux-64/libzlib-1.3.2-h25fd6f3_2.conda"
checksum = "sha256:55044c403570f0dc26e6364de4dc5368e5f3fc7ff103e867c487e2b5ab2bcda9"

[conda-packages.linux-x64."lz4-c-1.10.0-h5888daf_1"]
url = "https://conda.anaconda.org/conda-forge/linux-64/lz4-c-1.10.0-h5888daf_1.conda"
checksum = "sha256:47326f811392a5fd3055f0f773036c392d26fdb32e4d8e7a8197eed951489346"

[conda-packages.linux-x64."lzo-2.10-h280c20c_1002"]
url = "https://conda.anaconda.org/conda-forge/linux-64/lzo-2.10-h280c20c_1002.conda"
checksum = "sha256:5c6bbeec116e29f08e3dad3d0524e9bc5527098e12fc432c0e5ca53ea16337d4"

[conda-packages.linux-x64."mimalloc-3.2.7-h54a6638_0"]
url = "https://conda.anaconda.org/conda-forge/linux-64/mimalloc-3.2.7-h54a6638_0.conda"
checksum = "sha256:ea4739f6dc84698d9a73c98ce4fc93a2fee7aa0d775488515d10ba96c91b2f0a"

[conda-packages.linux-x64."mpfr-4.2.2-he0a73b1_0"]
url = "https://conda.anaconda.org/conda-forge/linux-64/mpfr-4.2.2-he0a73b1_0.conda"
checksum = "sha256:8690f550a780f75d9c47f7ffc15f5ff1c149d36ac17208e50eda101ca16611b9"

[conda-packages.linux-x64."ncurses-6.6-hdb14827_0"]
url = "https://conda.anaconda.org/conda-forge/linux-64/ncurses-6.6-hdb14827_0.conda"
checksum = "sha256:fc89f74bbe362fb29fa3c037697a89bec140b346a2469a90f7936d1d7ea4d8a3"

[conda-packages.linux-x64."nettle-3.10.1-h4a9d5aa_0"]
url = "https://conda.anaconda.org/conda-forge/linux-64/nettle-3.10.1-h4a9d5aa_0.conda"
checksum = "sha256:00b5a5e394d58cff5b08e0082699e773dd41995130bc14747740a16d9cacdd2c"

[conda-packages.linux-x64."openssl-3.6.3-h35e630c_0"]
url = "https://conda.anaconda.org/conda-forge/linux-64/openssl-3.6.3-h35e630c_0.conda"
checksum = "sha256:d48f5c22b9897c01e4dff3680f1f57ceb02711ab9c62f74339b080419dfad34b"

[conda-packages.linux-x64."p11-kit-0.26.4-h3435931_0"]
url = "https://conda.anaconda.org/conda-forge/linux-64/p11-kit-0.26.4-h3435931_0.conda"
checksum = "sha256:ce1c79a0ae1301aa1f94f3afe1075e4cbb86656767011fde8995b9b1efc46516"

[conda-packages.linux-x64."pcre-8.45-h9c3ff4c_0"]
url = "https://conda.anaconda.org/conda-forge/linux-64/pcre-8.45-h9c3ff4c_0.tar.bz2"
checksum = "sha256:8f35c244b1631a4f31fb1d66ab6e1d9bfac0ca9b679deced1112c7225b3ad138"

[conda-packages.linux-x64."pcre2-10.47-haa7fec5_0"]
url = "https://conda.anaconda.org/conda-forge/linux-64/pcre2-10.47-haa7fec5_0.conda"
checksum = "sha256:5e6f7d161356fefd981948bea5139c5aa0436767751a6930cb1ca801ebb113ff"

[conda-packages.linux-x64."perl-5.32.1-7_hd590300_perl5"]
url = "https://conda.anaconda.org/conda-forge/linux-64/perl-5.32.1-7_hd590300_perl5.conda"
checksum = "sha256:9ec32b6936b0e37bcb0ed34f22ec3116e75b3c0964f9f50ecea5f58734ed6ce9"

[conda-packages.linux-x64."pygments-2.20.0-pyhd8ed1ab_0"]
url = "https://conda.anaconda.org/conda-forge/noarch/pygments-2.20.0-pyhd8ed1ab_0.conda"
checksum = "sha256:cf70b2f5ad9ae472b71235e5c8a736c9316df3705746de419b59d442e8348e86"

[conda-packages.linux-x64."python-3.14.6-habeac84_101_cp314"]
url = "https://conda.anaconda.org/conda-forge/linux-64/python-3.14.6-habeac84_101_cp314.conda"
checksum = "sha256:ee8f2006e1724b1f2e9e0ccc5a7cfdcab973460faa2f63ac1f6e44fdad4c0344"

[conda-packages.linux-x64."python_abi-3.14-8_cp314"]
url = "https://conda.anaconda.org/conda-forge/noarch/python_abi-3.14-8_cp314.conda"
checksum = "sha256:ad6d2e9ac39751cc0529dd1566a26751a0bf2542adb0c232533d32e176e21db5"

[conda-packages.linux-x64."readline-8.3-h853b02a_0"]
url = "https://conda.anaconda.org/conda-forge/linux-64/readline-8.3-h853b02a_0.conda"
checksum = "sha256:12ffde5a6f958e285aa22c191ca01bbd3d6e710aa852e00618fa6ddc59149002"

[conda-packages.linux-x64."rhash-1.4.6-hb9d3cd8_1"]
url = "https://conda.anaconda.org/conda-forge/linux-64/rhash-1.4.6-hb9d3cd8_1.conda"
checksum = "sha256:d5c73079c1dd2c2a313c3bfd81c73dbd066b7eb08d213778c8bff520091ae894"

[conda-packages.linux-x64."six-1.17.0-pyhe01879c_1"]
url = "https://conda.anaconda.org/conda-forge/noarch/six-1.17.0-pyhe01879c_1.conda"
checksum = "sha256:458227f759d5e3fcec5d9b7acce54e10c9e1f4f4b7ec978f3bfd54ce4ee9853d"

[conda-packages.linux-x64."tbb-2023.0.0-hab88423_2"]
url = "https://conda.anaconda.org/conda-forge/linux-64/tbb-2023.0.0-hab88423_2.conda"
checksum = "sha256:30cb9355c2fefc20ff1a3d6566b9714d5614086a2524c07721fc344eb20515ae"

[conda-packages.linux-x64."tinyxml2-11.0.0-h3f2d84a_0"]
url = "https://conda.anaconda.org/conda-forge/linux-64/tinyxml2-11.0.0-h3f2d84a_0.conda"
checksum = "sha256:3ae98c2ca54928b2c72dbb4bd8ea229d3c865ad39367d377908294d9fb1e6f2c"

[conda-packages.linux-x64."tk-8.6.13-noxft_hd70dff1_3"]
url = "https://conda.anaconda.org/conda-forge/linux-64/tk-8.6.13-noxft_hd70dff1_3.conda"
checksum = "sha256:43624eab22f5f29df7d6ffe914cf442f28fd559b55b290906255492826e636e8"

[conda-packages.linux-x64.tzdata-2026c-h151e31d_0]
url = "https://conda.anaconda.org/conda-forge/noarch/tzdata-2026c-h151e31d_0.conda"
checksum = "sha256:b928c30ddcb0e3f544c6eade8352737e6e610e263276b90232db6a578ef899d8"

[conda-packages.linux-x64."xxhash-0.8.3-hb47aa4a_0"]
url = "https://conda.anaconda.org/conda-forge/linux-64/xxhash-0.8.3-hb47aa4a_0.conda"
checksum = "sha256:08e12f140b1af540a6de03dd49173c0e5ae4ebc563cabdd35ead0679835baf6f"

[conda-packages.linux-x64."zlib-1.3.2-h25fd6f3_2"]
url = "https://conda.anaconda.org/conda-forge/linux-64/zlib-1.3.2-h25fd6f3_2.conda"
checksum = "sha256:245c9ee8d688e23661b95e3c6dd7272ca936fabc03d423cdb3cdee1bbcf9f2f2"

[conda-packages.linux-x64."zstd-1.5.7-hb78ec9c_6"]
url = "https://conda.anaconda.org/conda-forge/linux-64/zstd-1.5.7-hb78ec9c_6.conda"
checksum = "sha256:68f0206ca6e98fea941e5717cec780ed2873ffabc0e1ed34428c061e2c6268c7"

[[tools.actionlint]]
version = "1.7.12"
backend = "aqua:rhysd/actionlint"

[tools.actionlint."platforms.linux-x64"]
checksum = "sha256:8aca8db96f1b94770f1b0d72b6dddcb1ebb8123cb3712530b08cc387b349a3d8"
url = "https://github.com/rhysd/actionlint/releases/download/v1.7.12/actionlint_1.7.12_linux_amd64.tar.gz"
url_api = "https://api.github.com/repos/rhysd/actionlint/releases/assets/384924896"

[[tools.bazel]]
version = "9.1.1"
backend = "aqua:bazelbuild/bazel"

[tools.bazel."platforms.linux-x64"]
checksum = "sha256:857bed5d2756b4d998d3caebf2d941d13d434c4eda4b1d6d7dda205736c25a93"
url = "https://github.com/bazelbuild/bazel/releases/download/9.1.1/bazel-9.1.1-linux-x86_64"
url_api = "https://api.github.com/repos/bazelbuild/bazel/releases/assets/437523191"

[[tools.bun]]
version = "1.3.14"
backend = "core:bun"

[tools.bun."platforms.linux-x64"]
checksum = "sha256:951ee2aee855f08595aeec6225226a298d3fea83a3dcd6465c09cbccdf7e848f"
url = "https://github.com/oven-sh/bun/releases/download/bun-v1.3.14/bun-linux-x64.zip"

[tools.bun."platforms.linux-x64-baseline"]
checksum = "sha256:a063908ae08b7852ca10939bbdc6ceed3ddabce8fb9402dce83d65d73b36e6c7"
url = "https://github.com/oven-sh/bun/releases/download/bun-v1.3.14/bun-linux-x64-baseline.zip"

[tools.bun."platforms.linux-x64-musl"]
checksum = "sha256:14bd9aedeebf1dba67e8def9531c89bc989ecfdf1de42e5bfcaf1b8cd9294719"
url = "https://github.com/oven-sh/bun/releases/download/bun-v1.3.14/bun-linux-x64-musl.zip"

[tools.bun."platforms.linux-x64-musl-baseline"]
checksum = "sha256:56a7d6806cf155536c0178f0ea5fbd098e684fa509ebdb4fc0a7e19fb65382dc"
url = "https://github.com/oven-sh/bun/releases/download/bun-v1.3.14/bun-linux-x64-musl-baseline.zip"

[[tools.cargo-binstall]]
version = "1.20.1"
backend = "aqua:cargo-bins/cargo-binstall"

[tools.cargo-binstall."platforms.linux-x64"]
checksum = "sha256:f12954bc382e1d0b2df3fbfb217a05d92c25570e4517841e0613499a24f4594e"
url = "https://github.com/cargo-bins/cargo-binstall/releases/download/v1.20.1/cargo-binstall-x86_64-unknown-linux-musl.tgz"
url_api = "https://api.github.com/repos/cargo-bins/cargo-binstall/releases/assets/453434840"

[[tools.chezmoi]]
version = "2.71.1"
backend = "aqua:twpayne/chezmoi"

[tools.chezmoi."platforms.linux-x64"]
checksum = "sha256:e1fb16c962644d57f4d451c324aa86163d00faf5d035500f41fb48943a66dfed"
url = "https://github.com/twpayne/chezmoi/releases/download/v2.71.1/chezmoi_2.71.1_linux_amd64.tar.gz"
url_api = "https://api.github.com/repos/twpayne/chezmoi/releases/assets/483858082"

[[tools."conda:bear"]]
version = "4.1.5"
backend = "conda:bear"

[tools."conda:bear".options]
channel = "conda-forge"

[tools."conda:bear"."platforms.linux-x64"]
checksum = "sha256:52cb83628a0f6d696afadfa9f079cc98cbcc4c322e9e4c78861da1859a86e585"
url = "https://conda.anaconda.org/conda-forge/linux-64/bear-4.1.5-h620f800_0.conda"
conda_deps = []

[[tools."conda:ccache"]]
version = "4.13.6"
backend = "conda:ccache"

[tools."conda:ccache".options]
channel = "conda-forge"

[tools."conda:ccache"."platforms.linux-x64"]
checksum = "sha256:552639ac2f3d28d93053fa91cd828186730d9ae0a4d7c1dcc40efe8d7cd026ce"
url = "https://conda.anaconda.org/conda-forge/linux-64/ccache-4.13.6-hedf47ba_0.conda"
conda_deps = [
    "libgcc-16.1.0-ha9f2e26_0",
    "libstdcxx-16.1.0-h934c35e_0",
    "libhiredis-1.3.0-h5888daf_1",
    "xxhash-0.8.3-hb47aa4a_0",
    "zstd-1.5.7-hb78ec9c_6",
    "_openmp_mutex-4.5-20_gnu",
    "libgomp-16.1.0-he0feb66_0",
    "libzlib-1.3.2-h25fd6f3_2",
]

[[tools."conda:cmake"]]
version = "4.3.4"
backend = "conda:cmake"

[tools."conda:cmake".options]
channel = "conda-forge"

[tools."conda:cmake"."platforms.linux-x64"]
checksum = "sha256:a3369cbf4c8d77a3398c3c2bb1e7d72af26ac9c655e4753964bdb744bf1e5e8c"
url = "https://conda.anaconda.org/conda-forge/linux-64/cmake-4.3.4-hc85cc9f_0.conda"
conda_deps = [
    "ncurses-6.6-hdb14827_0",
    "libzlib-1.3.2-h25fd6f3_2",
    "libuv-1.52.1-h280c20c_0",
    "liblzma-5.8.3-hb03c661_0",
    "libexpat-2.8.1-hecca717_1",
    "rhash-1.4.6-hb9d3cd8_1",
    "bzip2-1.0.8-hda65f42_9",
    "libcurl-8.21.0-hae6b9f4_2",
    "libnghttp2-1.68.1-h877daf1_0",
    "libgcc-16.1.0-ha9f2e26_0",
    "libstdcxx-16.1.0-h934c35e_0",
    "zstd-1.5.7-hb78ec9c_6",
    "krb5-1.22.2-hbde042b_1",
    "libedit-3.1.20250104-pl5321h7949ede_0",
    "keyutils-1.6.3-hb9d3cd8_0",
    "libpsl-0.22.0-h49b2146_1",
    "libssh2-1.11.1-hcf80075_0",
    "openssl-3.6.3-h35e630c_0",
    "_openmp_mutex-4.5-20_gnu",
    "libgomp-16.1.0-he0feb66_0",
    "c-ares-1.34.8-hb03c661_0",
    "libev-4.33-hd590300_2",
    "libgcc-ng-16.1.0-h69a702a_0",
    "icu-78.3-h54a6638_2",
    "ca-certificates-2026.7.22-hbd8a1cb_0",
]

[[tools."conda:cppcheck"]]
version = "2.21.0"
backend = "conda:cppcheck"

[tools."conda:cppcheck".options]
channel = "conda-forge"

[tools."conda:cppcheck"."platforms.linux-x64"]
checksum = "sha256:0f163304ab7078beaffeebd35a977dea80d6e66bd3ff666dc57b0c2e26668da7"
url = "https://conda.anaconda.org/conda-forge/linux-64/cppcheck-2.21.0-py314hceea1aa_0.conda"
conda_deps = [
    "tinyxml2-11.0.0-h3f2d84a_0",
    "pcre-8.45-h9c3ff4c_0",
    "python_abi-3.14-8_cp314",
    "pygments-2.20.0-pyhd8ed1ab_0",
    "python-3.14.6-habeac84_101_cp314",
    "readline-8.3-h853b02a_0",
    "ncurses-6.6-hdb14827_0",
    "libzlib-1.3.2-h25fd6f3_2",
    "libuuid-2.42.2-h5347b49_0",
    "liblzma-5.8.3-hb03c661_0",
    "libstdcxx-16.1.0-h934c35e_0",
    "libgcc-16.1.0-ha9f2e26_0",
    "libstdcxx-ng-16.1.0-hdf11a46_0",
    "libgcc-ng-16.1.0-h69a702a_0",
    "libexpat-2.8.1-hecca717_1",
    "libffi-3.5.2-h3435931_0",
    "libmpdec-4.0.0-hb03c661_1",
    "bzip2-1.0.8-hda65f42_9",
    "ld_impl_linux-64-2.46.1-default_hbd61a6d_102",
    "libsqlite-3.53.4-hf4e2dac_0",
    "openssl-3.6.3-h35e630c_0",
    "tk-8.6.13-noxft_hd70dff1_3",
    "tzdata-2026c-h151e31d_0",
    "zstd-1.5.7-hb78ec9c_6",
    "_openmp_mutex-4.5-20_gnu",
    "libgomp-16.1.0-he0feb66_0",
    "icu-78.3-h54a6638_2",
    "ca-certificates-2026.7.22-hbd8a1cb_0",
]

[[tools."conda:doxygen"]]
version = "1.17.0"
backend = "conda:doxygen"

[tools."conda:doxygen".options]
channel = "conda-forge"

[tools."conda:doxygen"."platforms.linux-x64"]
checksum = "sha256:c27f0c1aed5ca4b28bf7d84132c85907cf59740a1a3fa50395cff27d517b5b56"
url = "https://conda.anaconda.org/conda-forge/linux-64/doxygen-1.17.0-py313hfca462b_0.conda"
conda_deps = [
    "libiconv-1.18-h3b78370_2",
    "libstdcxx-16.1.0-h934c35e_0",
    "libgcc-16.1.0-ha9f2e26_0",
    "_openmp_mutex-4.5-20_gnu",
    "libgomp-16.1.0-he0feb66_0",
]

[[tools."conda:gdb"]]
version = "17.2"
backend = "conda:gdb"

[tools."conda:gdb".options]
channel = "conda-forge"

[tools."conda:gdb"."platforms.linux-x64"]
checksum = "sha256:1cd59bee9d94c92283ce097b6240e98a732a5845cbdbaec496c8598f2f7b0fc5"
url = "https://conda.anaconda.org/conda-forge/linux-64/gdb-17.2-py314h7c795f0_0.conda"
conda_deps = [
    "readline-8.3-h853b02a_0",
    "python_abi-3.14-8_cp314",
    "ncurses-6.6-hdb14827_0",
    "mpfr-4.2.2-he0a73b1_0",
    "libzlib-1.3.2-h25fd6f3_2",
    "liblzma-5.8.3-hb03c661_0",
    "zlib-1.3.2-h25fd6f3_2",
    "liblzma-devel-5.8.3-hb03c661_0",
    "gmp-6.3.0-hac33072_2",
    "libiconv-1.18-h3b78370_2",
    "libgcc-16.1.0-ha9f2e26_0",
    "libgcc-ng-16.1.0-h69a702a_0",
    "libstdcxx-16.1.0-h934c35e_0",
    "libstdcxx-ng-16.1.0-hdf11a46_0",
    "libgfortran-16.1.0-h69a702a_0",
    "libgfortran5-16.1.0-h79bb938_0",
    "pygments-2.20.0-pyhd8ed1ab_0",
    "python-3.14.6-habeac84_101_cp314",
    "libuuid-2.42.2-h5347b49_0",
    "six-1.17.0-pyhe01879c_1",
    "zstd-1.5.7-hb78ec9c_6",
    "_openmp_mutex-4.5-20_gnu",
    "libgomp-16.1.0-he0feb66_0",
    "libexpat-2.8.1-hecca717_1",
    "libffi-3.5.2-h3435931_0",
    "libmpdec-4.0.0-hb03c661_1",
    "bzip2-1.0.8-hda65f42_9",
    "ld_impl_linux-64-2.46.1-default_hbd61a6d_102",
    "libsqlite-3.53.4-hf4e2dac_0",
    "openssl-3.6.3-h35e630c_0",
    "tk-8.6.13-noxft_hd70dff1_3",
    "tzdata-2026c-h151e31d_0",
    "icu-78.3-h54a6638_2",
    "ca-certificates-2026.7.22-hbd8a1cb_0",
]

[[tools."conda:git"]]
version = "2.55.0"
backend = "conda:git"

[tools."conda:git".options]
channel = "conda-forge"

[tools."conda:git"."platforms.linux-x64"]
checksum = "sha256:ffe825e3ff78876dc5aa28eee791d8d9be4a47157761aa38dbff79e9222b3b8e"
url = "https://conda.anaconda.org/conda-forge/linux-64/git-2.55.0-pl5321h5685339_1.conda"
conda_deps = [
    "pcre2-10.47-haa7fec5_0",
    "libzlib-1.3.2-h25fd6f3_2",
    "libcurl-8.21.0-hae6b9f4_2",
    "libnghttp2-1.68.1-h877daf1_0",
    "libexpat-2.8.1-hecca717_1",
    "libiconv-1.18-h3b78370_2",
    "libgcc-16.1.0-ha9f2e26_0",
    "libstdcxx-16.1.0-h934c35e_0",
    "openssl-3.6.3-h35e630c_0",
    "perl-5.32.1-7_hd590300_perl5",
    "libgcc-ng-16.1.0-h69a702a_0",
    "krb5-1.22.2-hbde042b_1",
    "libedit-3.1.20250104-pl5321h7949ede_0",
    "keyutils-1.6.3-hb9d3cd8_0",
    "libpsl-0.22.0-h49b2146_1",
    "libssh2-1.11.1-hcf80075_0",
    "zstd-1.5.7-hb78ec9c_6",
    "_openmp_mutex-4.5-20_gnu",
    "libgomp-16.1.0-he0feb66_0",
    "ca-certificates-2026.7.22-hbd8a1cb_0",
    "bzip2-1.0.8-hda65f42_9",
    "libxcrypt-4.4.36-hd590300_1",
    "c-ares-1.34.8-hb03c661_0",
    "libev-4.33-hd590300_2",
    "icu-78.3-h54a6638_2",
    "ncurses-6.6-hdb14827_0",
]

[[tools."conda:include-what-you-use"]]
version = "0.26"
backend = "conda:include-what-you-use"

[tools."conda:include-what-you-use".options]
channel = "conda-forge"

[tools."conda:include-what-you-use"."platforms.linux-x64"]
checksum = "sha256:d377fee4ba38e014417a49855fa8fbaab1c58c990fe59bd03d370e18c2d23999"
url = "https://conda.anaconda.org/conda-forge/linux-64/include-what-you-use-0.26-hecca717_1.conda"
conda_deps = [
    "libclang-cpp22.1-22.1.8-default_h6c227bf_3",
    "libgcc-16.1.0-ha9f2e26_0",
    "libstdcxx-16.1.0-h934c35e_0",
    "libllvm22-22.1.8-hf7376ad_1",
    "libzlib-1.3.2-h25fd6f3_2",
    "_openmp_mutex-4.5-20_gnu",
    "libgomp-16.1.0-he0feb66_0",
    "libxml2-2.15.3-h49c6c72_0",
    "libxml2-16-2.15.3-hca6bf5a_0",
    "liblzma-5.8.3-hb03c661_0",
    "zstd-1.5.7-hb78ec9c_6",
    "icu-78.3-h54a6638_2",
    "libiconv-1.18-h3b78370_2",
]

[[tools."conda:lcov"]]
version = "1.16"
backend = "conda:lcov"

[tools."conda:lcov".options]
channel = "conda-forge"

[tools."conda:lcov"."platforms.linux-x64"]
checksum = "sha256:538b8d96b40ed297406fedabdf642b0ed3678a74084da4e86dd22c8e5128a247"
url = "https://conda.anaconda.org/conda-forge/linux-64/lcov-1.16-ha770c72_0.tar.bz2"
conda_deps = [
    "perl-5.32.1-7_hd590300_perl5",
    "libgcc-ng-16.1.0-h69a702a_0",
    "libgcc-16.1.0-ha9f2e26_0",
    "libxcrypt-4.4.36-hd590300_1",
    "_openmp_mutex-4.5-20_gnu",
    "libgomp-16.1.0-he0feb66_0",
]

[[tools."conda:linux-perf"]]
version = "6.3.10"
backend = "conda:linux-perf"

[tools."conda:linux-perf".options]
channel = "conda-forge"

[tools."conda:linux-perf"."platforms.linux-x64"]
checksum = "sha256:5957df0e223481929c252f55f8755a5dc4ecefb6d569ef0b0613f90da54b6e1f"
url = "https://conda.anaconda.org/conda-forge/linux-64/linux-perf-6.3.10-py314h9026160_6.conda"
conda_deps = [
    "python_abi-3.14-8_cp314",
    "libunwind-1.8.3-h65a8314_0",
    "libcap-2.76-h0b2e76d_0",
    "elfutils-0.192-hebdcf93_2",
    "libgcc-16.1.0-ha9f2e26_0",
    "libstdcxx-16.1.0-h934c35e_0",
    "liblzma-5.8.3-hb03c661_0",
    "libnuma-2.0.18-hb03c661_3",
    "libzlib-1.3.2-h25fd6f3_2",
    "openssl-3.6.3-h35e630c_0",
    "python-3.14.6-habeac84_101_cp314",
    "readline-8.3-h853b02a_0",
    "ncurses-6.6-hdb14827_0",
    "libuuid-2.42.2-h5347b49_0",
    "zstd-1.5.7-hb78ec9c_6",
    "bzip2-1.0.8-hda65f42_9",
    "libarchive-3.8.9-gpl_hc2c16d8_100",
    "libcurl-8.21.0-hae6b9f4_2",
    "libnghttp2-1.68.1-h877daf1_0",
    "libmicrohttpd-1.0.5-hc2fc477_0",
    "gnutls-3.8.13-h18acefa_0",
    "nettle-3.10.1-h4a9d5aa_0",
    "libtasn1-4.21.0-hb03c661_0",
    "libsqlite-3.53.4-hf4e2dac_0",
    "attr-2.5.2-hb03c661_1",
    "libattr-2.5.2-hb03c661_1",
    "_openmp_mutex-4.5-20_gnu",
    "libgomp-16.1.0-he0feb66_0",
    "ca-certificates-2026.7.22-hbd8a1cb_0",
    "libexpat-2.8.1-hecca717_1",
    "libffi-3.5.2-h3435931_0",
    "libmpdec-4.0.0-hb03c661_1",
    "ld_impl_linux-64-2.46.1-default_hbd61a6d_102",
    "tk-8.6.13-noxft_hd70dff1_3",
    "tzdata-2026c-h151e31d_0",
    "lz4-c-1.10.0-h5888daf_1",
    "libxml2-2.15.3-h49c6c72_0",
    "libxml2-16-2.15.3-hca6bf5a_0",
    "lzo-2.10-h280c20c_1002",
    "krb5-1.22.2-hbde042b_1",
    "libedit-3.1.20250104-pl5321h7949ede_0",
    "keyutils-1.6.3-hb9d3cd8_0",
    "libpsl-0.22.0-h49b2146_1",
    "libssh2-1.11.1-hcf80075_0",
    "icu-78.3-h54a6638_2",
    "libiconv-1.18-h3b78370_2",
    "c-ares-1.34.8-hb03c661_0",
    "libev-4.33-hd590300_2",
    "libgcc-ng-16.1.0-h69a702a_0",
    "gmp-6.3.0-hac33072_2",
    "libstdcxx-ng-16.1.0-hdf11a46_0",
    "p11-kit-0.26.4-h3435931_0",
    "libidn2-2.3.8-hfac485b_1",
    "libunistring-0.9.10-h7f98852_0",
]

[[tools."conda:make"]]
version = "4.4.1"
backend = "conda:make"

[tools."conda:make".options]
channel = "conda-forge"

[tools."conda:make"."platforms.linux-x64"]
checksum = "sha256:d652c7bd4d3b6f82b0f6d063b0d8df6f54cc47531092d7ff008e780f3261bdda"
url = "https://conda.anaconda.org/conda-forge/linux-64/make-4.4.1-hb9d3cd8_2.conda"
conda_deps = [
    "libgcc-16.1.0-ha9f2e26_0",
    "_openmp_mutex-4.5-20_gnu",
    "libgomp-16.1.0-he0feb66_0",
]

[[tools."conda:mold"]]
version = "2.40.4"
backend = "conda:mold"

[tools."conda:mold".options]
channel = "conda-forge"

[tools."conda:mold"."platforms.linux-x64"]
checksum = "sha256:bb078b1e67530393088a57d2df6078454fd7f60fb8e811866c3afd184a3a7fa6"
url = "https://conda.anaconda.org/conda-forge/linux-64/mold-2.40.4-h122c784_3.conda"
conda_deps = [
    "mimalloc-3.2.7-h54a6638_0",
    "libgcc-16.1.0-ha9f2e26_0",
    "libstdcxx-16.1.0-h934c35e_0",
    "libzlib-1.3.2-h25fd6f3_2",
    "openssl-3.6.3-h35e630c_0",
    "tbb-2023.0.0-hab88423_2",
    "zstd-1.5.7-hb78ec9c_6",
    "_openmp_mutex-4.5-20_gnu",
    "libgomp-16.1.0-he0feb66_0",
    "ca-certificates-2026.7.22-hbd8a1cb_0",
    "libhwloc-2.13.0-default_he001693_1000",
    "libxml2-2.15.3-h49c6c72_0",
    "libxml2-16-2.15.3-hca6bf5a_0",
    "liblzma-5.8.3-hb03c661_0",
    "icu-78.3-h54a6638_2",
    "libiconv-1.18-h3b78370_2",
]

[[tools."conda:ninja"]]
version = "1.13.2"
backend = "conda:ninja"

[tools."conda:ninja".options]
channel = "conda-forge"

[tools."conda:ninja"."platforms.linux-x64"]
checksum = "sha256:6f7d59dbec0a7b00bf5d103a4306e8886678b796ff2151b62452d4582b2a53fb"
url = "https://conda.anaconda.org/conda-forge/linux-64/ninja-1.13.2-h171cf75_0.conda"
conda_deps = [
    "libstdcxx-16.1.0-h934c35e_0",
    "libgcc-16.1.0-ha9f2e26_0",
    "_openmp_mutex-4.5-20_gnu",
    "libgomp-16.1.0-he0feb66_0",
]

[[tools."conda:p7zip"]]
version = "16.02"
backend = "conda:p7zip"

[tools."conda:p7zip".options]
channel = "conda-forge"

[tools."conda:p7zip"."platforms.linux-x64"]
checksum = "sha256:01aecc8f648ed0825ecf4c384c2f4759146ef8f2815348efddebf42ec769419c"
url = "https://conda.anaconda.org/conda-forge/linux-64/p7zip-16.02-h9c3ff4c_1001.tar.bz2"
conda_deps = [
    "libgcc-ng-16.1.0-h69a702a_0",
    "libgcc-16.1.0-ha9f2e26_0",
    "libstdcxx-ng-16.1.0-hdf11a46_0",
    "libstdcxx-16.1.0-h934c35e_0",
    "_openmp_mutex-4.5-20_gnu",
    "libgomp-16.1.0-he0feb66_0",
]

[[tools."conda:tar"]]
version = "1.35"
backend = "conda:tar"

[tools."conda:tar".options]
channel = "conda-forge"

[tools."conda:tar"."platforms.linux-x64"]
checksum = "sha256:eab162cadb948c91c14f18b6f30a7c270d682e820c4f2fdb0030c9fc99b3fa49"
url = "https://conda.anaconda.org/conda-forge/linux-64/tar-1.35-h3b78370_0.conda"
conda_deps = [
    "libiconv-1.18-h3b78370_2",
    "libgcc-16.1.0-ha9f2e26_0",
    "_openmp_mutex-4.5-20_gnu",
    "libgomp-16.1.0-he0feb66_0",
]

[[tools."conda:valgrind"]]
version = "3.27.1"
backend = "conda:valgrind"

[tools."conda:valgrind".options]
channel = "conda-forge"

[tools."conda:valgrind"."platforms.linux-x64"]
checksum = "sha256:704011bf371ed51dfa16a2e998dd147a5b4501b29cffd2869ec7b7924bd5ef94"
url = "https://conda.anaconda.org/conda-forge/linux-64/valgrind-3.27.1-hea31c11_0.conda"
conda_deps = [
    "libzlib-1.3.2-h25fd6f3_2",
    "zlib-1.3.2-h25fd6f3_2",
    "libgcc-16.1.0-ha9f2e26_0",
    "libstdcxx-16.1.0-h934c35e_0",
    "_openmp_mutex-4.5-20_gnu",
    "libgomp-16.1.0-he0feb66_0",
]

[[tools.deno]]
version = "2.9.0"
backend = "core:deno"

[tools.deno."platforms.linux-x64"]
checksum = "sha256:96c9c73fc05ea57603bc28d8071d41e861bd40bcf2a9f849dd5969ed1a2c8498"
url = "https://dl.deno.land/release/v2.9.0/deno-x86_64-unknown-linux-gnu.zip"

[[tools.ghalint]]
version = "1.5.6"
backend = "aqua:suzuki-shunsuke/ghalint"

[tools.ghalint."platforms.linux-x64"]
checksum = "sha256:98ee0e3330de7286f470d1e89c03ff7ce70d7a5998ba0f15969c400447be579c"
url = "https://github.com/suzuki-shunsuke/ghalint/releases/download/v1.5.6/ghalint_1.5.6_linux_amd64.tar.gz"
url_api = "https://api.github.com/repos/suzuki-shunsuke/ghalint/releases/assets/409631220"

[[tools.gitleaks]]
version = "8.30.1"
backend = "aqua:gitleaks/gitleaks"

[tools.gitleaks."platforms.linux-x64"]
checksum = "sha256:551f6fc83ea457d62a0d98237cbad105af8d557003051f41f3e7ca7b3f2470eb"
url = "https://github.com/gitleaks/gitleaks/releases/download/v8.30.1/gitleaks_8.30.1_linux_x64.tar.gz"
url_api = "https://api.github.com/repos/gitleaks/gitleaks/releases/assets/378332058"

[[tools.go]]
version = "1.26.4"
backend = "core:go"

[tools.go."platforms.linux-x64"]
checksum = "sha256:1153d3d50e0ac764b447adfe05c2bcf08e889d42a02e0fe0259bd47f6733ad7f"
url = "https://dl.google.com/go/go1.26.4.linux-amd64.tar.gz"

[[tools.hadolint]]
version = "2.14.0"
backend = "aqua:hadolint/hadolint"

[tools.hadolint."platforms.linux-x64"]
checksum = "sha256:6bf226944684f56c84dd014e8b979d27425c0148f61b3bd99bcc6f39e9dc5a47"
url = "https://github.com/hadolint/hadolint/releases/download/v2.14.0/hadolint-linux-x86_64"
url_api = "https://api.github.com/repos/hadolint/hadolint/releases/assets/295944080"

[[tools.hk]]
version = "1.52.0"
backend = "aqua:jdx/hk"

[tools.hk."platforms.linux-x64"]
checksum = "sha256:d381ec061fda51d5765e7831757107e4c565f195b206feae6fdd298162ab8baa"
url = "https://github.com/jdx/hk/releases/download/v1.52.0/hk-x86_64-unknown-linux-gnu.tar.gz"
url_api = "https://api.github.com/repos/jdx/hk/releases/assets/484573049"

[[tools.java]]
version = "26.0.1"
backend = "core:java"

[tools.java.options]
shorthand_vendor = "openjdk"

[tools.java."platforms.linux-x64"]
checksum = "sha256:2f2802d57b5fc414f1ddf6648ba12cc9a6454cf67b32ac95407c018f2e6ab0b0"
url = "https://download.java.net/java/GA/jdk26.0.1/458fda22e4c54d5ba572ab8d2b22eb83/8/GPL/openjdk-26.0.1_linux-x64_bin.tar.gz"

[[tools.jq]]
version = "1.8.2"
backend = "aqua:jqlang/jq"

[tools.jq."platforms.linux-x64"]
checksum = "sha256:b1c22172dd303f3be49e935aa56aa48a8b7a46e0bc838b4997d3bb451495870f"
url = "https://github.com/jqlang/jq/releases/download/jq-1.8.2/jq-linux-amd64"
url_api = "https://api.github.com/repos/jqlang/jq/releases/assets/453012752"

[[tools.micromamba]]
version = "2.8.1-0"
backend = "github:mamba-org/micromamba-releases"

[tools.micromamba."platforms.linux-x64"]
checksum = "sha256:a934c3709c997feae403a27fd1e321c106d26ffa4f294800ffb11cbc9a3e8515"
url = "https://github.com/mamba-org/micromamba-releases/releases/download/2.8.1-0/micromamba-linux-64.tar.bz2"
url_api = "https://api.github.com/repos/mamba-org/micromamba-releases/releases/assets/442244410"

[[tools.node]]
version = "26.4.0"
backend = "core:node"

[tools.node."platforms.linux-x64"]
checksum = "sha256:f221dab30d0e9d544332f06fbee2c62186c97d864d5cac8482dba34f1e38b8dc"
url = "https://nodejs.org/dist/v26.4.0/node-v26.4.0-linux-x64.tar.gz"

[[tools.pinact]]
version = "4.1.0"
backend = "aqua:suzuki-shunsuke/pinact"

[tools.pinact."platforms.linux-x64"]
checksum = "sha256:8fcbf1b3e95551c82fd995535e3c1defa70e23299ce36eb3afd6c98778de6ca0"
url = "https://github.com/suzuki-shunsuke/pinact/releases/download/v4.1.0/pinact_linux_amd64.tar.gz"
url_api = "https://api.github.com/repos/suzuki-shunsuke/pinact/releases/assets/442249966"

[[tools."pipx:check-jsonschema"]]
version = "0.37.4"
backend = "pipx:check-jsonschema"

[[tools.pixi]]
version = "0.73.0"
backend = "github:prefix-dev/pixi"

[tools.pixi."platforms.linux-x64"]
checksum = "sha256:682564e7cd35d38307df3cd6c8e9a45a1437d20febac0c8d165809d7c38408d1"
url = "https://github.com/prefix-dev/pixi/releases/download/v0.73.0/pixi-x86_64-unknown-linux-musl.tar.gz"
url_api = "https://api.github.com/repos/prefix-dev/pixi/releases/assets/477739425"

[[tools.pkl]]
version = "0.32.0"
backend = "aqua:apple/pkl"

[tools.pkl."platforms.linux-x64"]
checksum = "sha256:15e7e7375c28b8542b3d13fe35bccaeb7b9542114008998708385489885f41e7"
url = "https://github.com/apple/pkl/releases/download/0.32.0/pkl-linux-amd64"
url_api = "https://api.github.com/repos/apple/pkl/releases/assets/470498153"

[[tools.python]]
version = "3.14.6"
backend = "core:python"

[tools.python."platforms.linux-x64"]
checksum = "sha256:d6254462d5fe066810a472d286861f6a18f66400008bfa9688e202a5672e88cb"
url = "https://github.com/astral-sh/python-build-standalone/releases/download/20260728/cpython-3.14.6+20260728-x86_64-unknown-linux-gnu-install_only_stripped.tar.gz"

[[tools.ruby]]
version = "4.0.5"
backend = "core:ruby"

[tools.ruby.options]
compile = "false"
precompiled_url = "jdx/ruby"
ruby_build_repo = "https://github.com/rbenv/ruby-build.git"
ruby_install = "false"

[tools.ruby."platforms.linux-x64"]
checksum = "sha256:15a8cb9e40784fe3d2309e1bf30a8cb92932ec83513e93dc90d8b507608344a0"
url = "https://github.com/jdx/ruby/releases/download/4.0.5-2/ruby-4.0.5.x86_64_linux.tar.gz"

[[tools.ruby]]
version = "4.0.5"
backend = "core:ruby"

[tools.ruby.options]
compile = "true"
ruby_build_repo = "https://github.com/rbenv/ruby-build.git"
ruby_install = "false"

[tools.ruby."platforms.linux-x64"]
checksum = "sha256:7d6149079a63f8ae1d326c9fa65c6019ba2dc3155eae7b39159817911c88958e"
url = "https://cache.ruby-lang.org/pub/ruby/4.0/ruby-4.0.5.tar.gz"

[[tools.rust]]
version = "1.97.0"
backend = "core:rust"

[[tools.shellcheck]]
version = "0.11.0"
backend = "aqua:koalaman/shellcheck"

[tools.shellcheck."platforms.linux-x64"]
checksum = "sha256:8c3be12b05d5c177a04c29e3c78ce89ac86f1595681cab149b65b97c4e227198"
url = "https://github.com/koalaman/shellcheck/releases/download/v0.11.0/shellcheck-v0.11.0.linux.x86_64.tar.xz"
url_api = "https://api.github.com/repos/koalaman/shellcheck/releases/assets/279056942"

[[tools.shfmt]]
version = "3.13.1"
backend = "aqua:mvdan/sh"

[tools.shfmt."platforms.linux-x64"]
checksum = "sha256:fb096c5d1ac6beabbdbaa2874d025badb03ee07929f0c9ff67563ce8c75398b1"
url = "https://github.com/mvdan/sh/releases/download/v3.13.1/shfmt_v3.13.1_linux_amd64"
url_api = "https://api.github.com/repos/mvdan/sh/releases/assets/390322866"

[[tools.sqlite]]
version = "3.53.3"
backend = "conda:sqlite"

[tools.sqlite.options]
channel = "conda-forge"

[tools.sqlite."platforms.linux-x64"]
checksum = "sha256:ef17725138fa72aa5a0f8ccace9727831c4b333e39575f78fb5ad1755826b687"
url = "https://conda.anaconda.org/conda-forge/linux-64/sqlite-3.53.3-hbc0de68_0.conda"
conda_deps = [
    "readline-8.3-h853b02a_0",
    "ncurses-6.6-hdb14827_0",
    "libzlib-1.3.2-h25fd6f3_2",
    "libsqlite-3.53.3-h0c1763c_0",
    "libgcc-16.1.0-ha9f2e26_0",
    "_openmp_mutex-4.5-20_gnu",
    "libgomp-16.1.0-he0feb66_0",
]

[[tools.taplo]]
version = "0.10.0"
backend = "aqua:tamasfe/taplo"

[tools.taplo."platforms.linux-x64"]
url = "https://github.com/tamasfe/taplo/releases/download/0.10.0/taplo-linux-x86_64.gz"
url_api = "https://api.github.com/repos/tamasfe/taplo/releases/assets/257322600"

[[tools.typos]]
version = "1.48.0"
backend = "aqua:crate-ci/typos"

[tools.typos."platforms.linux-x64"]
checksum = "sha256:72a930c9a94fc3914aa56835c5b859c892a797d40c1c42638b98d93f16ff519c"
url = "https://github.com/crate-ci/typos/releases/download/v1.48.0/typos-v1.48.0-x86_64-unknown-linux-musl.tar.gz"
url_api = "https://api.github.com/repos/crate-ci/typos/releases/assets/462429902"

[[tools.uv]]
version = "0.11.31"
backend = "aqua:astral-sh/uv"

[tools.uv."platforms.linux-x64"]
checksum = "sha256:89048b7e30a6c459fa7e8f2e91cfdc413dc004dcbddc6c2af5e09df123e3246d"
url = "https://github.com/astral-sh/uv/releases/download/0.11.31/uv-x86_64-unknown-linux-musl.tar.gz"
url_api = "https://api.github.com/repos/astral-sh/uv/releases/assets/485371115"

[[tools.yamlfmt]]
version = "0.21.0"
backend = "aqua:google/yamlfmt"

[tools.yamlfmt."platforms.linux-x64"]
checksum = "sha256:1f300d9257b232bb3b541d7fb1b0e6b3c121bcbab381c86cd38cb8722be8a566"
url = "https://github.com/google/yamlfmt/releases/download/v0.21.0/yamlfmt_0.21.0_Linux_x86_64.tar.gz"
url_api = "https://api.github.com/repos/google/yamlfmt/releases/assets/336650203"

[[tools.yamllint]]
version = "1.38.0"
backend = "pipx:yamllint"

[[tools.yq]]
version = "4.53.3"
backend = "aqua:mikefarah/yq"

[tools.yq."platforms.linux-x64"]
checksum = "sha256:fa52a4e758c63d38299163fbdd1edfb4c4963247918bf9c1c5d31d84789eded4"
url = "https://github.com/mikefarah/yq/releases/download/v4.53.3/yq_linux_amd64"
url_api = "https://api.github.com/repos/mikefarah/yq/releases/assets/440146735"

[[tools.zig]]
version = "0.16.0"
backend = "core:zig"

[tools.zig."platforms.linux-x64"]
checksum = "sha256:70e49664a74374b48b51e6f3fdfbf437f6395d42509050588bd49abe52ba3d00"
url = "https://ziglang.org/download/0.16.0/zig-x86_64-linux-0.16.0.tar.xz"
